// !$*UTF8*$!
{
	archiveVersion = 1;
	classes = {
	};
	objectVersion = 52;
	objects = {

/* Begin PBXBuildFile section */
		57145E0A264F007D00EFDF03 /* ThumbnailResolver.swift in Sources */ = {isa = PBXBuildFile; fileRef = 57145E09264F007D00EFDF03 /* ThumbnailResolver.swift */; };
		571BFAD02649289000536009 /* SlideUpMenuDelegate.swift in Sources */ = {isa = PBXBuildFile; fileRef = 571BFACF2649289000536009 /* SlideUpMenuDelegate.swift */; };
		5727A52126387BD600CE3FCD /* SubmitterMiddleware.swift in Sources */ = {isa = PBXBuildFile; fileRef = 5727A52026387BD600CE3FCD /* SubmitterMiddleware.swift */; };
		5727A52326387CF400CE3FCD /* WallhavenMiddleware.swift in Sources */ = {isa = PBXBuildFile; fileRef = 5727A52226387CF400CE3FCD /* WallhavenMiddleware.swift */; };
		572AA66D2687562B0016BE43 /* TextSettingCell.swift in Sources */ = {isa = PBXBuildFile; fileRef = 572AA66C2687562B0016BE43 /* TextSettingCell.swift */; };
		572D9519265ACB1A00F0D454 /* RetryStrategy.swift in Sources */ = {isa = PBXBuildFile; fileRef = 572D9518265ACB1A00F0D454 /* RetryStrategy.swift */; };
		572D951B265ADA5600F0D454 /* RequiredMiddleware.swift in Sources */ = {isa = PBXBuildFile; fileRef = 572D951A265ADA5600F0D454 /* RequiredMiddleware.swift */; };
		5732365B2678A611004CEB72 /* SlideUpMenuCell.swift in Sources */ = {isa = PBXBuildFile; fileRef = 5732365A2678A611004CEB72 /* SlideUpMenuCell.swift */; };
		5732365D2678ADA3004CEB72 /* SlideUpMenuItem.swift in Sources */ = {isa = PBXBuildFile; fileRef = 5732365C2678ADA3004CEB72 /* SlideUpMenuItem.swift */; };
		5732365F2678CDB3004CEB72 /* SettingsDelegate.swift in Sources */ = {isa = PBXBuildFile; fileRef = 5732365E2678CDB3004CEB72 /* SettingsDelegate.swift */; };
		573CE68F267E2F170083CE30 /* PostSubmission.swift in Sources */ = {isa = PBXBuildFile; fileRef = 573CE68E267E2F170083CE30 /* PostSubmission.swift */; };
		573CE691267E3C5E0083CE30 /* WallpaperModeMiddleware.swift in Sources */ = {isa = PBXBuildFile; fileRef = 573CE690267E3C5E0083CE30 /* WallpaperModeMiddleware.swift */; };
		575BEC39268F51BB00D804BA /* TimeSettingCell.swift in Sources */ = {isa = PBXBuildFile; fileRef = 575BEC38268F51BB00D804BA /* TimeSettingCell.swift */; };
		575C4A9226B9881A006A0C31 /* UIStoryboardSegueWithCompletion.swift in Sources */ = {isa = PBXBuildFile; fileRef = 575C4A9126B9881A006A0C31 /* UIStoryboardSegueWithCompletion.swift */; };
		575D7877264C112000173E7A /* Wallhaven.swift in Sources */ = {isa = PBXBuildFile; fileRef = 575D7876264C112000173E7A /* Wallhaven.swift */; };
		575D787A264C264800173E7A /* Kingfisher in Frameworks */ = {isa = PBXBuildFile; productRef = 575D7879264C264800173E7A /* Kingfisher */; };
		57605EEF26734DCE00E4EE25 /* SettingsViewController.swift in Sources */ = {isa = PBXBuildFile; fileRef = 57605EEE26734DCE00E4EE25 /* SettingsViewController.swift */; };
		57605EF12673586D00E4EE25 /* SettingsPresenter.swift in Sources */ = {isa = PBXBuildFile; fileRef = 57605EF02673586D00E4EE25 /* SettingsPresenter.swift */; };
		57605EF32673590D00E4EE25 /* SettingsSection.swift in Sources */ = {isa = PBXBuildFile; fileRef = 57605EF22673590D00E4EE25 /* SettingsSection.swift */; };
		57605EF5267359DF00E4EE25 /* SettingsViewDelegate.swift in Sources */ = {isa = PBXBuildFile; fileRef = 57605EF4267359DF00E4EE25 /* SettingsViewDelegate.swift */; };
		57605EF726735E4900E4EE25 /* StaticSettingCell.swift in Sources */ = {isa = PBXBuildFile; fileRef = 57605EF626735E4900E4EE25 /* StaticSettingCell.swift */; };
		57605EF92673790700E4EE25 /* SwitchSettingCell.swift in Sources */ = {isa = PBXBuildFile; fileRef = 57605EF82673790700E4EE25 /* SwitchSettingCell.swift */; };
		57626FC4267F586D00850E31 /* ImageDimensionMiddleware.swift in Sources */ = {isa = PBXBuildFile; fileRef = 57626FC3267F586D00850E31 /* ImageDimensionMiddleware.swift */; };
		5765CE7226CEDAC300790028 /* AboutPresenter.swift in Sources */ = {isa = PBXBuildFile; fileRef = 5765CE7126CEDAC300790028 /* AboutPresenter.swift */; };
		5765CE7426CEDB3900790028 /* AboutViewDelegate.swift in Sources */ = {isa = PBXBuildFile; fileRef = 5765CE7326CEDB3900790028 /* AboutViewDelegate.swift */; };
		5765CE7626CEDC3800790028 /* AboutItemType.swift in Sources */ = {isa = PBXBuildFile; fileRef = 5765CE7526CEDC3800790028 /* AboutItemType.swift */; };
		5765CE7826CEE1FA00790028 /* LinkAboutCell.swift in Sources */ = {isa = PBXBuildFile; fileRef = 5765CE7726CEE1FA00790028 /* LinkAboutCell.swift */; };
		5765CE7A26CEE24900790028 /* TextAboutCell.swift in Sources */ = {isa = PBXBuildFile; fileRef = 5765CE7926CEE24900790028 /* TextAboutCell.swift */; };
		5768C3352639BE2A00459260 /* ImgurMiddleware.swift in Sources */ = {isa = PBXBuildFile; fileRef = 5768C3342639BE2A00459260 /* ImgurMiddleware.swift */; };
		5768C3372639C9D400459260 /* ImgurSignInViewController.swift in Sources */ = {isa = PBXBuildFile; fileRef = 5768C3362639C9D400459260 /* ImgurSignInViewController.swift */; };
		5768C33B2639CE9C00459260 /* Imgur.swift in Sources */ = {isa = PBXBuildFile; fileRef = 5768C33A2639CE9C00459260 /* Imgur.swift */; };
		576E515B2644708200B0047F /* SlideUpMenu.swift in Sources */ = {isa = PBXBuildFile; fileRef = 576E515A2644708200B0047F /* SlideUpMenu.swift */; };
		578358E1263C7E0E00320607 /* Helper.swift in Sources */ = {isa = PBXBuildFile; fileRef = 578358E0263C7E0E00320607 /* Helper.swift */; };
		5785D99726D934FF00F4B2C9 /* AppVariables.swift in Sources */ = {isa = PBXBuildFile; fileRef = 5785D99626D934FF00F4B2C9 /* AppVariables.swift */; };
		57AE9FAA2641B70600DC1970 /* PostScheduler.swift in Sources */ = {isa = PBXBuildFile; fileRef = 57AE9FA92641B70600DC1970 /* PostScheduler.swift */; };
		57B2E6EB26748E9B00123466 /* SignedInAccountSettingCell.swift in Sources */ = {isa = PBXBuildFile; fileRef = 57B2E6EA26748E9B00123466 /* SignedInAccountSettingCell.swift */; };
		57B2E6ED2674B5CE00123466 /* SignedOutAccountSettingCell.swift in Sources */ = {isa = PBXBuildFile; fileRef = 57B2E6EC2674B5CE00123466 /* SignedOutAccountSettingCell.swift */; };
		57B3F5B92675F3CA007F5821 /* RedditSignInReceiver.swift in Sources */ = {isa = PBXBuildFile; fileRef = 57B3F5B82675F3CA007F5821 /* RedditSignInReceiver.swift */; };
		57B3F5BB26760049007F5821 /* ImgurSignInReceiver.swift in Sources */ = {isa = PBXBuildFile; fileRef = 57B3F5BA26760049007F5821 /* ImgurSignInReceiver.swift */; };
		57C1874426CAAE2000685282 /* AboutViewController.swift in Sources */ = {isa = PBXBuildFile; fileRef = 57C1874326CAAE2000685282 /* AboutViewController.swift */; };
		57C6352C26544FC90072D130 /* PhantomError.swift in Sources */ = {isa = PBXBuildFile; fileRef = 57C6352B26544FC90072D130 /* PhantomError.swift */; };
		57F84DE9264074B200B10E75 /* BulkAddViewController.swift in Sources */ = {isa = PBXBuildFile; fileRef = 57F84DE8264074B200B10E75 /* BulkAddViewController.swift */; };
		57F84DEB2640782C00B10E75 /* BulkAddPresenter.swift in Sources */ = {isa = PBXBuildFile; fileRef = 57F84DEA2640782C00B10E75 /* BulkAddPresenter.swift */; };
		57F84DED2640789F00B10E75 /* BulkAddViewDelegate.swift in Sources */ = {isa = PBXBuildFile; fileRef = 57F84DEC2640789F00B10E75 /* BulkAddViewDelegate.swift */; };
		71614EF124FD195C00FA8B76 /* Database.swift in Sources */ = {isa = PBXBuildFile; fileRef = 71614EF024FD195C00FA8B76 /* Database.swift */; };
		71684AD125024D83005BA857 /* PostCell.swift in Sources */ = {isa = PBXBuildFile; fileRef = 71684AD025024D83005BA857 /* PostCell.swift */; };
		7179EF3A2501037000BDA598 /* PostSubmitter.swift in Sources */ = {isa = PBXBuildFile; fileRef = 7179EF392501037000BDA598 /* PostSubmitter.swift */; };
		718181DA24FBE01D00059658 /* PostDetailViewController.swift in Sources */ = {isa = PBXBuildFile; fileRef = 718181D924FBE01D00059658 /* PostDetailViewController.swift */; };
		718181DC24FBEDF500059658 /* Post.swift in Sources */ = {isa = PBXBuildFile; fileRef = 718181DB24FBEDF500059658 /* Post.swift */; };
		718181DE24FBFEE200059658 /* Requests.swift in Sources */ = {isa = PBXBuildFile; fileRef = 718181DD24FBFEE200059658 /* Requests.swift */; };
		7192A40A24FFD76500CB54A8 /* Notifications.swift in Sources */ = {isa = PBXBuildFile; fileRef = 7192A40924FFD76500CB54A8 /* Notifications.swift */; };
		71C031B224FA6B5600D6E19F /* AppDelegate.swift in Sources */ = {isa = PBXBuildFile; fileRef = 71C031B124FA6B5600D6E19F /* AppDelegate.swift */; };
		71C031B424FA6B5600D6E19F /* SceneDelegate.swift in Sources */ = {isa = PBXBuildFile; fileRef = 71C031B324FA6B5600D6E19F /* SceneDelegate.swift */; };
		71C031B624FA6B5600D6E19F /* IntroductionViewController.swift in Sources */ = {isa = PBXBuildFile; fileRef = 71C031B524FA6B5600D6E19F /* IntroductionViewController.swift */; };
		71C031B924FA6B5600D6E19F /* Main.storyboard in Resources */ = {isa = PBXBuildFile; fileRef = 71C031B724FA6B5600D6E19F /* Main.storyboard */; };
		71C031BB24FA6B5700D6E19F /* Assets.xcassets in Resources */ = {isa = PBXBuildFile; fileRef = 71C031BA24FA6B5700D6E19F /* Assets.xcassets */; };
		71C031BE24FA6B5700D6E19F /* LaunchScreen.storyboard in Resources */ = {isa = PBXBuildFile; fileRef = 71C031BC24FA6B5700D6E19F /* LaunchScreen.storyboard */; };
		71C031C724FA6FF400D6E19F /* WebKit.framework in Frameworks */ = {isa = PBXBuildFile; fileRef = 71C031C624FA6FF400D6E19F /* WebKit.framework */; };
		71C031C924FA705B00D6E19F /* RedditSignInViewController.swift in Sources */ = {isa = PBXBuildFile; fileRef = 71C031C824FA705B00D6E19F /* RedditSignInViewController.swift */; };
		71C031CB24FA8B4E00D6E19F /* Reddit.swift in Sources */ = {isa = PBXBuildFile; fileRef = 71C031CA24FA8B4E00D6E19F /* Reddit.swift */; };
		71C031CD24FA95CB00D6E19F /* Extensions.swift in Sources */ = {isa = PBXBuildFile; fileRef = 71C031CC24FA95CB00D6E19F /* Extensions.swift */; };
		71C646A9250254A4005C28B1 /* PostTableViewController.swift in Sources */ = {isa = PBXBuildFile; fileRef = 71C646A8250254A4005C28B1 /* PostTableViewController.swift */; };
		960D066225277F7700FFB4AC /* PostTablePresenter.swift in Sources */ = {isa = PBXBuildFile; fileRef = 960D066125277F7700FFB4AC /* PostTablePresenter.swift */; };
		960D066525277FC100FFB4AC /* PostTableViewDelegate.swift in Sources */ = {isa = PBXBuildFile; fileRef = 960D066425277FC100FFB4AC /* PostTableViewDelegate.swift */; };
		96886AE3250BCFBE004FDE30 /* PostNotifier.swift in Sources */ = {isa = PBXBuildFile; fileRef = 96886AE2250BCFBE004FDE30 /* PostNotifier.swift */; };
		96AA4D68252B56CB009488F6 /* PostDetailPresenter.swift in Sources */ = {isa = PBXBuildFile; fileRef = 96AA4D67252B56CB009488F6 /* PostDetailPresenter.swift */; };
		96AA4D6B252B574B009488F6 /* PostDetailViewDelegate.swift in Sources */ = {isa = PBXBuildFile; fileRef = 96AA4D6A252B574B009488F6 /* PostDetailViewDelegate.swift */; };
/* End PBXBuildFile section */

/* Begin PBXFileReference section */
		570957B826E486040033F09D /* Debug.xcconfig.example */ = {isa = PBXFileReference; lastKnownFileType = text; path = Debug.xcconfig.example; sourceTree = "<group>"; };
		570957B926E486410033F09D /* Dev.xcconfig.example */ = {isa = PBXFileReference; lastKnownFileType = text; path = Dev.xcconfig.example; sourceTree = "<group>"; };
		570957BA26E486710033F09D /* Stable.xcconfig.example */ = {isa = PBXFileReference; lastKnownFileType = text; path = Stable.xcconfig.example; sourceTree = "<group>"; };
		57145E09264F007D00EFDF03 /* ThumbnailResolver.swift */ = {isa = PBXFileReference; lastKnownFileType = sourcecode.swift; path = ThumbnailResolver.swift; sourceTree = "<group>"; };
		571BFACF2649289000536009 /* SlideUpMenuDelegate.swift */ = {isa = PBXFileReference; lastKnownFileType = sourcecode.swift; path = SlideUpMenuDelegate.swift; sourceTree = "<group>"; };
		5727A52026387BD600CE3FCD /* SubmitterMiddleware.swift */ = {isa = PBXFileReference; lastKnownFileType = sourcecode.swift; path = SubmitterMiddleware.swift; sourceTree = "<group>"; };
		5727A52226387CF400CE3FCD /* WallhavenMiddleware.swift */ = {isa = PBXFileReference; lastKnownFileType = sourcecode.swift; path = WallhavenMiddleware.swift; sourceTree = "<group>"; };
		572AA66C2687562B0016BE43 /* TextSettingCell.swift */ = {isa = PBXFileReference; lastKnownFileType = sourcecode.swift; path = TextSettingCell.swift; sourceTree = "<group>"; };
		572D9518265ACB1A00F0D454 /* RetryStrategy.swift */ = {isa = PBXFileReference; lastKnownFileType = sourcecode.swift; path = RetryStrategy.swift; sourceTree = "<group>"; };
		572D951A265ADA5600F0D454 /* RequiredMiddleware.swift */ = {isa = PBXFileReference; lastKnownFileType = sourcecode.swift; path = RequiredMiddleware.swift; sourceTree = "<group>"; };
		573224BB270070770008C80B /* Phantom.entitlements */ = {isa = PBXFileReference; lastKnownFileType = text.plist.entitlements; path = Phantom.entitlements; sourceTree = "<group>"; };
		5732365A2678A611004CEB72 /* SlideUpMenuCell.swift */ = {isa = PBXFileReference; lastKnownFileType = sourcecode.swift; path = SlideUpMenuCell.swift; sourceTree = "<group>"; };
		5732365C2678ADA3004CEB72 /* SlideUpMenuItem.swift */ = {isa = PBXFileReference; lastKnownFileType = sourcecode.swift; path = SlideUpMenuItem.swift; sourceTree = "<group>"; };
		5732365E2678CDB3004CEB72 /* SettingsDelegate.swift */ = {isa = PBXFileReference; lastKnownFileType = sourcecode.swift; path = SettingsDelegate.swift; sourceTree = "<group>"; };
		573CE68E267E2F170083CE30 /* PostSubmission.swift */ = {isa = PBXFileReference; lastKnownFileType = sourcecode.swift; path = PostSubmission.swift; sourceTree = "<group>"; };
		573CE690267E3C5E0083CE30 /* WallpaperModeMiddleware.swift */ = {isa = PBXFileReference; lastKnownFileType = sourcecode.swift; path = WallpaperModeMiddleware.swift; sourceTree = "<group>"; };
		575BEC38268F51BB00D804BA /* TimeSettingCell.swift */ = {isa = PBXFileReference; lastKnownFileType = sourcecode.swift; path = TimeSettingCell.swift; sourceTree = "<group>"; };
		575C4A9126B9881A006A0C31 /* UIStoryboardSegueWithCompletion.swift */ = {isa = PBXFileReference; lastKnownFileType = sourcecode.swift; path = UIStoryboardSegueWithCompletion.swift; sourceTree = "<group>"; };
		575D7876264C112000173E7A /* Wallhaven.swift */ = {isa = PBXFileReference; lastKnownFileType = sourcecode.swift; path = Wallhaven.swift; sourceTree = "<group>"; };
		57605EEE26734DCE00E4EE25 /* SettingsViewController.swift */ = {isa = PBXFileReference; lastKnownFileType = sourcecode.swift; path = SettingsViewController.swift; sourceTree = "<group>"; };
		57605EF02673586D00E4EE25 /* SettingsPresenter.swift */ = {isa = PBXFileReference; lastKnownFileType = sourcecode.swift; path = SettingsPresenter.swift; sourceTree = "<group>"; };
		57605EF22673590D00E4EE25 /* SettingsSection.swift */ = {isa = PBXFileReference; lastKnownFileType = sourcecode.swift; path = SettingsSection.swift; sourceTree = "<group>"; };
		57605EF4267359DF00E4EE25 /* SettingsViewDelegate.swift */ = {isa = PBXFileReference; lastKnownFileType = sourcecode.swift; path = SettingsViewDelegate.swift; sourceTree = "<group>"; };
		57605EF626735E4900E4EE25 /* StaticSettingCell.swift */ = {isa = PBXFileReference; lastKnownFileType = sourcecode.swift; path = StaticSettingCell.swift; sourceTree = "<group>"; };
		57605EF82673790700E4EE25 /* SwitchSettingCell.swift */ = {isa = PBXFileReference; lastKnownFileType = sourcecode.swift; path = SwitchSettingCell.swift; sourceTree = "<group>"; };
		57626FC3267F586D00850E31 /* ImageDimensionMiddleware.swift */ = {isa = PBXFileReference; lastKnownFileType = sourcecode.swift; path = ImageDimensionMiddleware.swift; sourceTree = "<group>"; };
		5765CE7126CEDAC300790028 /* AboutPresenter.swift */ = {isa = PBXFileReference; lastKnownFileType = sourcecode.swift; path = AboutPresenter.swift; sourceTree = "<group>"; };
		5765CE7326CEDB3900790028 /* AboutViewDelegate.swift */ = {isa = PBXFileReference; lastKnownFileType = sourcecode.swift; path = AboutViewDelegate.swift; sourceTree = "<group>"; };
		5765CE7526CEDC3800790028 /* AboutItemType.swift */ = {isa = PBXFileReference; lastKnownFileType = sourcecode.swift; path = AboutItemType.swift; sourceTree = "<group>"; };
		5765CE7726CEE1FA00790028 /* LinkAboutCell.swift */ = {isa = PBXFileReference; lastKnownFileType = sourcecode.swift; path = LinkAboutCell.swift; sourceTree = "<group>"; };
		5765CE7926CEE24900790028 /* TextAboutCell.swift */ = {isa = PBXFileReference; lastKnownFileType = sourcecode.swift; path = TextAboutCell.swift; sourceTree = "<group>"; };
		5768C3342639BE2A00459260 /* ImgurMiddleware.swift */ = {isa = PBXFileReference; lastKnownFileType = sourcecode.swift; path = ImgurMiddleware.swift; sourceTree = "<group>"; };
		5768C3362639C9D400459260 /* ImgurSignInViewController.swift */ = {isa = PBXFileReference; lastKnownFileType = sourcecode.swift; path = ImgurSignInViewController.swift; sourceTree = "<group>"; };
		5768C33A2639CE9C00459260 /* Imgur.swift */ = {isa = PBXFileReference; lastKnownFileType = sourcecode.swift; path = Imgur.swift; sourceTree = "<group>"; };
		576E515A2644708200B0047F /* SlideUpMenu.swift */ = {isa = PBXFileReference; lastKnownFileType = sourcecode.swift; path = SlideUpMenu.swift; sourceTree = "<group>"; };
		578358E0263C7E0E00320607 /* Helper.swift */ = {isa = PBXFileReference; lastKnownFileType = sourcecode.swift; path = Helper.swift; sourceTree = "<group>"; };
		5785D99626D934FF00F4B2C9 /* AppVariables.swift */ = {isa = PBXFileReference; lastKnownFileType = sourcecode.swift; path = AppVariables.swift; sourceTree = "<group>"; };
		578CC1D52705F9A0004BC55C /* Base.xcconfig */ = {isa = PBXFileReference; lastKnownFileType = text.xcconfig; path = Base.xcconfig; sourceTree = "<group>"; };
		578CC1D6270600E7004BC55C /* Base.xcconfig.example */ = {isa = PBXFileReference; lastKnownFileType = text; path = Base.xcconfig.example; sourceTree = "<group>"; };
		57AE9FA92641B70600DC1970 /* PostScheduler.swift */ = {isa = PBXFileReference; lastKnownFileType = sourcecode.swift; path = PostScheduler.swift; sourceTree = "<group>"; };
		57B2E6EA26748E9B00123466 /* SignedInAccountSettingCell.swift */ = {isa = PBXFileReference; lastKnownFileType = sourcecode.swift; path = SignedInAccountSettingCell.swift; sourceTree = "<group>"; };
		57B2E6EC2674B5CE00123466 /* SignedOutAccountSettingCell.swift */ = {isa = PBXFileReference; lastKnownFileType = sourcecode.swift; path = SignedOutAccountSettingCell.swift; sourceTree = "<group>"; };
		57B3F5B82675F3CA007F5821 /* RedditSignInReceiver.swift */ = {isa = PBXFileReference; lastKnownFileType = sourcecode.swift; path = RedditSignInReceiver.swift; sourceTree = "<group>"; };
		57B3F5BA26760049007F5821 /* ImgurSignInReceiver.swift */ = {isa = PBXFileReference; lastKnownFileType = sourcecode.swift; path = ImgurSignInReceiver.swift; sourceTree = "<group>"; };
		57C1874326CAAE2000685282 /* AboutViewController.swift */ = {isa = PBXFileReference; lastKnownFileType = sourcecode.swift; path = AboutViewController.swift; sourceTree = "<group>"; };
		57C6352B26544FC90072D130 /* PhantomError.swift */ = {isa = PBXFileReference; lastKnownFileType = sourcecode.swift; path = PhantomError.swift; sourceTree = "<group>"; };
		57F3D15226DD4E85004B7559 /* Debug.xcconfig */ = {isa = PBXFileReference; lastKnownFileType = text.xcconfig; path = Debug.xcconfig; sourceTree = "<group>"; };
		57F3D15326DD5225004B7559 /* Dev.xcconfig */ = {isa = PBXFileReference; lastKnownFileType = text.xcconfig; path = Dev.xcconfig; sourceTree = "<group>"; };
		57F3D15426DD5259004B7559 /* Stable.xcconfig */ = {isa = PBXFileReference; lastKnownFileType = text.xcconfig; path = Stable.xcconfig; sourceTree = "<group>"; };
		57F84DE8264074B200B10E75 /* BulkAddViewController.swift */ = {isa = PBXFileReference; lastKnownFileType = sourcecode.swift; path = BulkAddViewController.swift; sourceTree = "<group>"; };
		57F84DEA2640782C00B10E75 /* BulkAddPresenter.swift */ = {isa = PBXFileReference; lastKnownFileType = sourcecode.swift; path = BulkAddPresenter.swift; sourceTree = "<group>"; };
		57F84DEC2640789F00B10E75 /* BulkAddViewDelegate.swift */ = {isa = PBXFileReference; lastKnownFileType = sourcecode.swift; path = BulkAddViewDelegate.swift; sourceTree = "<group>"; };
		71614EF024FD195C00FA8B76 /* Database.swift */ = {isa = PBXFileReference; lastKnownFileType = sourcecode.swift; path = Database.swift; sourceTree = "<group>"; };
		71684AD025024D83005BA857 /* PostCell.swift */ = {isa = PBXFileReference; lastKnownFileType = sourcecode.swift; path = PostCell.swift; sourceTree = "<group>"; };
		7179EF392501037000BDA598 /* PostSubmitter.swift */ = {isa = PBXFileReference; lastKnownFileType = sourcecode.swift; path = PostSubmitter.swift; sourceTree = "<group>"; };
		718181D924FBE01D00059658 /* PostDetailViewController.swift */ = {isa = PBXFileReference; lastKnownFileType = sourcecode.swift; path = PostDetailViewController.swift; sourceTree = "<group>"; };
		718181DB24FBEDF500059658 /* Post.swift */ = {isa = PBXFileReference; lastKnownFileType = sourcecode.swift; path = Post.swift; sourceTree = "<group>"; };
		718181DD24FBFEE200059658 /* Requests.swift */ = {isa = PBXFileReference; lastKnownFileType = sourcecode.swift; path = Requests.swift; sourceTree = "<group>"; };
		7192A40924FFD76500CB54A8 /* Notifications.swift */ = {isa = PBXFileReference; lastKnownFileType = sourcecode.swift; path = Notifications.swift; sourceTree = "<group>"; };
		71C031AE24FA6B5600D6E19F /* Phantom.app */ = {isa = PBXFileReference; explicitFileType = wrapper.application; includeInIndex = 0; path = Phantom.app; sourceTree = BUILT_PRODUCTS_DIR; };
		71C031B124FA6B5600D6E19F /* AppDelegate.swift */ = {isa = PBXFileReference; lastKnownFileType = sourcecode.swift; path = AppDelegate.swift; sourceTree = "<group>"; };
		71C031B324FA6B5600D6E19F /* SceneDelegate.swift */ = {isa = PBXFileReference; lastKnownFileType = sourcecode.swift; path = SceneDelegate.swift; sourceTree = "<group>"; };
		71C031B524FA6B5600D6E19F /* IntroductionViewController.swift */ = {isa = PBXFileReference; lastKnownFileType = sourcecode.swift; path = IntroductionViewController.swift; sourceTree = "<group>"; };
		71C031B824FA6B5600D6E19F /* Base */ = {isa = PBXFileReference; lastKnownFileType = file.storyboard; name = Base; path = Base.lproj/Main.storyboard; sourceTree = "<group>"; };
		71C031BA24FA6B5700D6E19F /* Assets.xcassets */ = {isa = PBXFileReference; lastKnownFileType = folder.assetcatalog; path = Assets.xcassets; sourceTree = "<group>"; };
		71C031BD24FA6B5700D6E19F /* Base */ = {isa = PBXFileReference; lastKnownFileType = file.storyboard; name = Base; path = Base.lproj/LaunchScreen.storyboard; sourceTree = "<group>"; };
		71C031BF24FA6B5700D6E19F /* Info.plist */ = {isa = PBXFileReference; lastKnownFileType = text.plist.xml; path = Info.plist; sourceTree = "<group>"; };
		71C031C624FA6FF400D6E19F /* WebKit.framework */ = {isa = PBXFileReference; lastKnownFileType = wrapper.framework; name = WebKit.framework; path = System/Library/Frameworks/WebKit.framework; sourceTree = SDKROOT; };
		71C031C824FA705B00D6E19F /* RedditSignInViewController.swift */ = {isa = PBXFileReference; lastKnownFileType = sourcecode.swift; path = RedditSignInViewController.swift; sourceTree = "<group>"; };
		71C031CA24FA8B4E00D6E19F /* Reddit.swift */ = {isa = PBXFileReference; lastKnownFileType = sourcecode.swift; path = Reddit.swift; sourceTree = "<group>"; };
		71C031CC24FA95CB00D6E19F /* Extensions.swift */ = {isa = PBXFileReference; lastKnownFileType = sourcecode.swift; path = Extensions.swift; sourceTree = "<group>"; };
		71C646A8250254A4005C28B1 /* PostTableViewController.swift */ = {isa = PBXFileReference; lastKnownFileType = sourcecode.swift; path = PostTableViewController.swift; sourceTree = "<group>"; };
		960D066125277F7700FFB4AC /* PostTablePresenter.swift */ = {isa = PBXFileReference; lastKnownFileType = sourcecode.swift; path = PostTablePresenter.swift; sourceTree = "<group>"; };
		960D066425277FC100FFB4AC /* PostTableViewDelegate.swift */ = {isa = PBXFileReference; lastKnownFileType = sourcecode.swift; path = PostTableViewDelegate.swift; sourceTree = "<group>"; };
		96886AE2250BCFBE004FDE30 /* PostNotifier.swift */ = {isa = PBXFileReference; lastKnownFileType = sourcecode.swift; path = PostNotifier.swift; sourceTree = "<group>"; };
		96AA4D67252B56CB009488F6 /* PostDetailPresenter.swift */ = {isa = PBXFileReference; lastKnownFileType = sourcecode.swift; path = PostDetailPresenter.swift; sourceTree = "<group>"; };
		96AA4D6A252B574B009488F6 /* PostDetailViewDelegate.swift */ = {isa = PBXFileReference; lastKnownFileType = sourcecode.swift; path = PostDetailViewDelegate.swift; sourceTree = "<group>"; };
/* End PBXFileReference section */

/* Begin PBXFrameworksBuildPhase section */
		71C031AB24FA6B5600D6E19F /* Frameworks */ = {
			isa = PBXFrameworksBuildPhase;
			buildActionMask = 2147483647;
			files = (
				575D787A264C264800173E7A /* Kingfisher in Frameworks */,
				71C031C724FA6FF400D6E19F /* WebKit.framework in Frameworks */,
			);
			runOnlyForDeploymentPostprocessing = 0;
		};
/* End PBXFrameworksBuildPhase section */

/* Begin PBXGroup section */
		57540E7726B17E0100712B5F /* App */ = {
			isa = PBXGroup;
			children = (
				5785D99626D934FF00F4B2C9 /* AppVariables.swift */,
				71C031B124FA6B5600D6E19F /* AppDelegate.swift */,
				71C031B324FA6B5600D6E19F /* SceneDelegate.swift */,
			);
			path = App;
			sourceTree = "<group>";
		};
		57540E7826B17E6600712B5F /* Resource */ = {
			isa = PBXGroup;
			children = (
				71C031B724FA6B5600D6E19F /* Main.storyboard */,
				71C031BC24FA6B5700D6E19F /* LaunchScreen.storyboard */,
				71C031BA24FA6B5700D6E19F /* Assets.xcassets */,
				71C031BF24FA6B5700D6E19F /* Info.plist */,
				573224BB270070770008C80B /* Phantom.entitlements */,
			);
			path = Resource;
			sourceTree = "<group>";
		};
		57540E7926B180C600712B5F /* ViewController */ = {
			isa = PBXGroup;
			children = (
				718181D924FBE01D00059658 /* PostDetailViewController.swift */,
				71C646A8250254A4005C28B1 /* PostTableViewController.swift */,
				71C031B524FA6B5600D6E19F /* IntroductionViewController.swift */,
				71C031C824FA705B00D6E19F /* RedditSignInViewController.swift */,
				5768C3362639C9D400459260 /* ImgurSignInViewController.swift */,
				57F84DE8264074B200B10E75 /* BulkAddViewController.swift */,
				57605EEE26734DCE00E4EE25 /* SettingsViewController.swift */,
				57C1874326CAAE2000685282 /* AboutViewController.swift */,
			);
			path = ViewController;
			sourceTree = "<group>";
		};
		57540E7A26B180F100712B5F /* Cell */ = {
			isa = PBXGroup;
			children = (
				71684AD025024D83005BA857 /* PostCell.swift */,
				57605EF626735E4900E4EE25 /* StaticSettingCell.swift */,
				57605EF82673790700E4EE25 /* SwitchSettingCell.swift */,
				57B2E6EA26748E9B00123466 /* SignedInAccountSettingCell.swift */,
				57B2E6EC2674B5CE00123466 /* SignedOutAccountSettingCell.swift */,
				572AA66C2687562B0016BE43 /* TextSettingCell.swift */,
				575BEC38268F51BB00D804BA /* TimeSettingCell.swift */,
				5732365A2678A611004CEB72 /* SlideUpMenuCell.swift */,
				5765CE7726CEE1FA00790028 /* LinkAboutCell.swift */,
				5765CE7926CEE24900790028 /* TextAboutCell.swift */,
			);
			path = Cell;
			sourceTree = "<group>";
		};
		57540E7B26B1813900712B5F /* Other */ = {
			isa = PBXGroup;
			children = (
				576E515A2644708200B0047F /* SlideUpMenu.swift */,
				571BFACF2649289000536009 /* SlideUpMenuDelegate.swift */,
				5732365C2678ADA3004CEB72 /* SlideUpMenuItem.swift */,
				57B3F5B82675F3CA007F5821 /* RedditSignInReceiver.swift */,
				57B3F5BA26760049007F5821 /* ImgurSignInReceiver.swift */,
				5732365E2678CDB3004CEB72 /* SettingsDelegate.swift */,
			);
			path = Other;
			sourceTree = "<group>";
		};
		57F3D15126DD4E34004B7559 /* Config */ = {
			isa = PBXGroup;
			children = (
				578CC1D52705F9A0004BC55C /* Base.xcconfig */,
				57F3D15226DD4E85004B7559 /* Debug.xcconfig */,
				57F3D15326DD5225004B7559 /* Dev.xcconfig */,
				57F3D15426DD5259004B7559 /* Stable.xcconfig */,
				578CC1D6270600E7004BC55C /* Base.xcconfig.example */,
				570957B826E486040033F09D /* Debug.xcconfig.example */,
				570957B926E486410033F09D /* Dev.xcconfig.example */,
				570957BA26E486710033F09D /* Stable.xcconfig.example */,
			);
			path = Config;
			sourceTree = "<group>";
		};
		71C031A524FA6B5600D6E19F = {
			isa = PBXGroup;
			children = (
				71C031B024FA6B5600D6E19F /* Phantom */,
				71C031AF24FA6B5600D6E19F /* Products */,
				71C031C524FA6FF400D6E19F /* Frameworks */,
			);
			sourceTree = "<group>";
		};
		71C031AF24FA6B5600D6E19F /* Products */ = {
			isa = PBXGroup;
			children = (
				71C031AE24FA6B5600D6E19F /* Phantom.app */,
			);
			name = Products;
			sourceTree = "<group>";
		};
		71C031B024FA6B5600D6E19F /* Phantom */ = {
			isa = PBXGroup;
			children = (
				57F3D15126DD4E34004B7559 /* Config */,
				57540E7726B17E0100712B5F /* App */,
				9693DCEB252773FE00A4A23E /* Helper */,
				9693DCE92527736100A4A23E /* Model */,
				9693DCEA252773E400A4A23E /* Presenter */,
				9693DCE8252772D200A4A23E /* View */,
				57540E7826B17E6600712B5F /* Resource */,
			);
			path = Phantom;
			sourceTree = "<group>";
		};
		71C031C524FA6FF400D6E19F /* Frameworks */ = {
			isa = PBXGroup;
			children = (
				71C031C624FA6FF400D6E19F /* WebKit.framework */,
			);
			name = Frameworks;
			sourceTree = "<group>";
		};
		9693DCE8252772D200A4A23E /* View */ = {
			isa = PBXGroup;
			children = (
				57540E7926B180C600712B5F /* ViewController */,
				57540E7A26B180F100712B5F /* Cell */,
				57540E7B26B1813900712B5F /* Other */,
			);
			path = View;
			sourceTree = "<group>";
		};
		9693DCE92527736100A4A23E /* Model */ = {
			isa = PBXGroup;
			children = (
				718181DB24FBEDF500059658 /* Post.swift */,
				71C031CA24FA8B4E00D6E19F /* Reddit.swift */,
				5768C33A2639CE9C00459260 /* Imgur.swift */,
				71614EF024FD195C00FA8B76 /* Database.swift */,
				57605EF22673590D00E4EE25 /* SettingsSection.swift */,
				5765CE7526CEDC3800790028 /* AboutItemType.swift */,
			);
			path = Model;
			sourceTree = "<group>";
		};
		9693DCEA252773E400A4A23E /* Presenter */ = {
			isa = PBXGroup;
			children = (
				96AA4D67252B56CB009488F6 /* PostDetailPresenter.swift */,
				96AA4D6A252B574B009488F6 /* PostDetailViewDelegate.swift */,
				960D066125277F7700FFB4AC /* PostTablePresenter.swift */,
				960D066425277FC100FFB4AC /* PostTableViewDelegate.swift */,
				57F84DEA2640782C00B10E75 /* BulkAddPresenter.swift */,
				57F84DEC2640789F00B10E75 /* BulkAddViewDelegate.swift */,
				57605EF02673586D00E4EE25 /* SettingsPresenter.swift */,
				57605EF4267359DF00E4EE25 /* SettingsViewDelegate.swift */,
				5765CE7126CEDAC300790028 /* AboutPresenter.swift */,
				5765CE7326CEDB3900790028 /* AboutViewDelegate.swift */,
			);
			path = Presenter;
			sourceTree = "<group>";
		};
		9693DCEB252773FE00A4A23E /* Helper */ = {
			isa = PBXGroup;
			children = (
				578358E0263C7E0E00320607 /* Helper.swift */,
				71C031CC24FA95CB00D6E19F /* Extensions.swift */,
				718181DD24FBFEE200059658 /* Requests.swift */,
				7192A40924FFD76500CB54A8 /* Notifications.swift */,
				96886AE2250BCFBE004FDE30 /* PostNotifier.swift */,
				7179EF392501037000BDA598 /* PostSubmitter.swift */,
				573CE68E267E2F170083CE30 /* PostSubmission.swift */,
				57626FC3267F586D00850E31 /* ImageDimensionMiddleware.swift */,
				572D951A265ADA5600F0D454 /* RequiredMiddleware.swift */,
				5727A52026387BD600CE3FCD /* SubmitterMiddleware.swift */,
				5727A52226387CF400CE3FCD /* WallhavenMiddleware.swift */,
				573CE690267E3C5E0083CE30 /* WallpaperModeMiddleware.swift */,
				5768C3342639BE2A00459260 /* ImgurMiddleware.swift */,
				572D9518265ACB1A00F0D454 /* RetryStrategy.swift */,
				575D7876264C112000173E7A /* Wallhaven.swift */,
				57AE9FA92641B70600DC1970 /* PostScheduler.swift */,
				57145E09264F007D00EFDF03 /* ThumbnailResolver.swift */,
				57C6352B26544FC90072D130 /* PhantomError.swift */,
				575C4A9126B9881A006A0C31 /* UIStoryboardSegueWithCompletion.swift */,
			);
			path = Helper;
			sourceTree = "<group>";
		};
/* End PBXGroup section */

/* Begin PBXNativeTarget section */
		71C031AD24FA6B5600D6E19F /* Phantom */ = {
			isa = PBXNativeTarget;
			buildConfigurationList = 71C031C224FA6B5700D6E19F /* Build configuration list for PBXNativeTarget "Phantom" */;
			buildPhases = (
				71C031AA24FA6B5600D6E19F /* Sources */,
				71C031AB24FA6B5600D6E19F /* Frameworks */,
				71C031AC24FA6B5600D6E19F /* Resources */,
			);
			buildRules = (
			);
			dependencies = (
			);
			name = Phantom;
			packageProductDependencies = (
				575D7879264C264800173E7A /* Kingfisher */,
			);
			productName = Phantom;
			productReference = 71C031AE24FA6B5600D6E19F /* Phantom.app */;
			productType = "com.apple.product-type.application";
		};
/* End PBXNativeTarget section */

/* Begin PBXProject section */
		71C031A624FA6B5600D6E19F /* Project object */ = {
			isa = PBXProject;
			attributes = {
				LastSwiftUpdateCheck = 1160;
				LastUpgradeCheck = 1240;
				ORGANIZATIONNAME = Rivershy;
				TargetAttributes = {
					71C031AD24FA6B5600D6E19F = {
						CreatedOnToolsVersion = 11.6;
					};
				};
			};
			buildConfigurationList = 71C031A924FA6B5600D6E19F /* Build configuration list for PBXProject "Phantom" */;
			compatibilityVersion = "Xcode 9.3";
			developmentRegion = en;
			hasScannedForEncodings = 0;
			knownRegions = (
				en,
				Base,
			);
			mainGroup = 71C031A524FA6B5600D6E19F;
			packageReferences = (
				575D7878264C264800173E7A /* XCRemoteSwiftPackageReference "Kingfisher" */,
			);
			productRefGroup = 71C031AF24FA6B5600D6E19F /* Products */;
			projectDirPath = "";
			projectRoot = "";
			targets = (
				71C031AD24FA6B5600D6E19F /* Phantom */,
			);
		};
/* End PBXProject section */

/* Begin PBXResourcesBuildPhase section */
		71C031AC24FA6B5600D6E19F /* Resources */ = {
			isa = PBXResourcesBuildPhase;
			buildActionMask = 2147483647;
			files = (
				71C031BE24FA6B5700D6E19F /* LaunchScreen.storyboard in Resources */,
				71C031BB24FA6B5700D6E19F /* Assets.xcassets in Resources */,
				71C031B924FA6B5600D6E19F /* Main.storyboard in Resources */,
			);
			runOnlyForDeploymentPostprocessing = 0;
		};
/* End PBXResourcesBuildPhase section */

/* Begin PBXSourcesBuildPhase section */
		71C031AA24FA6B5600D6E19F /* Sources */ = {
			isa = PBXSourcesBuildPhase;
			buildActionMask = 2147483647;
			files = (
				57F84DEB2640782C00B10E75 /* BulkAddPresenter.swift in Sources */,
				7192A40A24FFD76500CB54A8 /* Notifications.swift in Sources */,
				57C6352C26544FC90072D130 /* PhantomError.swift in Sources */,
				960D066225277F7700FFB4AC /* PostTablePresenter.swift in Sources */,
				960D066525277FC100FFB4AC /* PostTableViewDelegate.swift in Sources */,
				5765CE7626CEDC3800790028 /* AboutItemType.swift in Sources */,
				718181DA24FBE01D00059658 /* PostDetailViewController.swift in Sources */,
				57B2E6EB26748E9B00123466 /* SignedInAccountSettingCell.swift in Sources */,
				5768C33B2639CE9C00459260 /* Imgur.swift in Sources */,
				57C1874426CAAE2000685282 /* AboutViewController.swift in Sources */,
				57F84DE9264074B200B10E75 /* BulkAddViewController.swift in Sources */,
				57626FC4267F586D00850E31 /* ImageDimensionMiddleware.swift in Sources */,
				5727A52126387BD600CE3FCD /* SubmitterMiddleware.swift in Sources */,
				5785D99726D934FF00F4B2C9 /* AppVariables.swift in Sources */,
				57B3F5B92675F3CA007F5821 /* RedditSignInReceiver.swift in Sources */,
				57F84DED2640789F00B10E75 /* BulkAddViewDelegate.swift in Sources */,
				57605EF32673590D00E4EE25 /* SettingsSection.swift in Sources */,
				71C031CB24FA8B4E00D6E19F /* Reddit.swift in Sources */,
				96886AE3250BCFBE004FDE30 /* PostNotifier.swift in Sources */,
				71C031CD24FA95CB00D6E19F /* Extensions.swift in Sources */,
				718181DE24FBFEE200059658 /* Requests.swift in Sources */,
				718181DC24FBEDF500059658 /* Post.swift in Sources */,
				572D951B265ADA5600F0D454 /* RequiredMiddleware.swift in Sources */,
				575BEC39268F51BB00D804BA /* TimeSettingCell.swift in Sources */,
				96AA4D6B252B574B009488F6 /* PostDetailViewDelegate.swift in Sources */,
				576E515B2644708200B0047F /* SlideUpMenu.swift in Sources */,
				57605EF12673586D00E4EE25 /* SettingsPresenter.swift in Sources */,
				71C031C924FA705B00D6E19F /* RedditSignInViewController.swift in Sources */,
				57605EF92673790700E4EE25 /* SwitchSettingCell.swift in Sources */,
				5727A52326387CF400CE3FCD /* WallhavenMiddleware.swift in Sources */,
				71684AD125024D83005BA857 /* PostCell.swift in Sources */,
				5765CE7226CEDAC300790028 /* AboutPresenter.swift in Sources */,
				5768C3352639BE2A00459260 /* ImgurMiddleware.swift in Sources */,
				5732365F2678CDB3004CEB72 /* SettingsDelegate.swift in Sources */,
				57605EEF26734DCE00E4EE25 /* SettingsViewController.swift in Sources */,
				5768C3372639C9D400459260 /* ImgurSignInViewController.swift in Sources */,
				57B2E6ED2674B5CE00123466 /* SignedOutAccountSettingCell.swift in Sources */,
				71C031B624FA6B5600D6E19F /* IntroductionViewController.swift in Sources */,
				573CE691267E3C5E0083CE30 /* WallpaperModeMiddleware.swift in Sources */,
				578358E1263C7E0E00320607 /* Helper.swift in Sources */,
				5732365B2678A611004CEB72 /* SlideUpMenuCell.swift in Sources */,
				57145E0A264F007D00EFDF03 /* ThumbnailResolver.swift in Sources */,
				575D7877264C112000173E7A /* Wallhaven.swift in Sources */,
				5765CE7826CEE1FA00790028 /* LinkAboutCell.swift in Sources */,
				5732365D2678ADA3004CEB72 /* SlideUpMenuItem.swift in Sources */,
				71C031B224FA6B5600D6E19F /* AppDelegate.swift in Sources */,
				572D9519265ACB1A00F0D454 /* RetryStrategy.swift in Sources */,
				57B3F5BB26760049007F5821 /* ImgurSignInReceiver.swift in Sources */,
				57605EF726735E4900E4EE25 /* StaticSettingCell.swift in Sources */,
				96AA4D68252B56CB009488F6 /* PostDetailPresenter.swift in Sources */,
				575C4A9226B9881A006A0C31 /* UIStoryboardSegueWithCompletion.swift in Sources */,
				71C646A9250254A4005C28B1 /* PostTableViewController.swift in Sources */,
				5765CE7A26CEE24900790028 /* TextAboutCell.swift in Sources */,
				571BFAD02649289000536009 /* SlideUpMenuDelegate.swift in Sources */,
				573CE68F267E2F170083CE30 /* PostSubmission.swift in Sources */,
				7179EF3A2501037000BDA598 /* PostSubmitter.swift in Sources */,
				57605EF5267359DF00E4EE25 /* SettingsViewDelegate.swift in Sources */,
				71614EF124FD195C00FA8B76 /* Database.swift in Sources */,
				572AA66D2687562B0016BE43 /* TextSettingCell.swift in Sources */,
				5765CE7426CEDB3900790028 /* AboutViewDelegate.swift in Sources */,
				71C031B424FA6B5600D6E19F /* SceneDelegate.swift in Sources */,
				57AE9FAA2641B70600DC1970 /* PostScheduler.swift in Sources */,
			);
			runOnlyForDeploymentPostprocessing = 0;
		};
/* End PBXSourcesBuildPhase section */

/* Begin PBXVariantGroup section */
		71C031B724FA6B5600D6E19F /* Main.storyboard */ = {
			isa = PBXVariantGroup;
			children = (
				71C031B824FA6B5600D6E19F /* Base */,
			);
			name = Main.storyboard;
			sourceTree = "<group>";
		};
		71C031BC24FA6B5700D6E19F /* LaunchScreen.storyboard */ = {
			isa = PBXVariantGroup;
			children = (
				71C031BD24FA6B5700D6E19F /* Base */,
			);
			name = LaunchScreen.storyboard;
			sourceTree = "<group>";
		};
/* End PBXVariantGroup section */

/* Begin XCBuildConfiguration section */
		5785D98E26D91B9400F4B2C9 /* Dev Debug */ = {
			isa = XCBuildConfiguration;
			baseConfigurationReference = 578CC1D52705F9A0004BC55C /* Base.xcconfig */;
			buildSettings = {
				ALWAYS_SEARCH_USER_PATHS = NO;
				CLANG_ANALYZER_NONNULL = YES;
				CLANG_ANALYZER_NUMBER_OBJECT_CONVERSION = YES_AGGRESSIVE;
				CLANG_CXX_LANGUAGE_STANDARD = "gnu++14";
				CLANG_CXX_LIBRARY = "libc++";
				CLANG_ENABLE_MODULES = YES;
				CLANG_ENABLE_OBJC_ARC = YES;
				CLANG_ENABLE_OBJC_WEAK = YES;
				CLANG_WARN_BLOCK_CAPTURE_AUTORELEASING = YES;
				CLANG_WARN_BOOL_CONVERSION = YES;
				CLANG_WARN_COMMA = YES;
				CLANG_WARN_CONSTANT_CONVERSION = YES;
				CLANG_WARN_DEPRECATED_OBJC_IMPLEMENTATIONS = YES;
				CLANG_WARN_DIRECT_OBJC_ISA_USAGE = YES_ERROR;
				CLANG_WARN_DOCUMENTATION_COMMENTS = YES;
				CLANG_WARN_EMPTY_BODY = YES;
				CLANG_WARN_ENUM_CONVERSION = YES;
				CLANG_WARN_INFINITE_RECURSION = YES;
				CLANG_WARN_INT_CONVERSION = YES;
				CLANG_WARN_NON_LITERAL_NULL_CONVERSION = YES;
				CLANG_WARN_OBJC_IMPLICIT_RETAIN_SELF = YES;
				CLANG_WARN_OBJC_LITERAL_CONVERSION = YES;
				CLANG_WARN_OBJC_ROOT_CLASS = YES_ERROR;
				CLANG_WARN_QUOTED_INCLUDE_IN_FRAMEWORK_HEADER = YES;
				CLANG_WARN_RANGE_LOOP_ANALYSIS = YES;
				CLANG_WARN_STRICT_PROTOTYPES = YES;
				CLANG_WARN_SUSPICIOUS_MOVE = YES;
				CLANG_WARN_UNGUARDED_AVAILABILITY = YES_AGGRESSIVE;
				CLANG_WARN_UNREACHABLE_CODE = YES;
				CLANG_WARN__DUPLICATE_METHOD_MATCH = YES;
				COPY_PHASE_STRIP = NO;
				DEBUG_INFORMATION_FORMAT = dwarf;
				ENABLE_STRICT_OBJC_MSGSEND = YES;
				ENABLE_TESTABILITY = YES;
				GCC_C_LANGUAGE_STANDARD = gnu11;
				GCC_DYNAMIC_NO_PIC = NO;
				GCC_NO_COMMON_BLOCKS = YES;
				GCC_OPTIMIZATION_LEVEL = 0;
				GCC_PREPROCESSOR_DEFINITIONS = (
					"DEBUG=1",
					"$(inherited)",
				);
				GCC_WARN_64_TO_32_BIT_CONVERSION = YES;
				GCC_WARN_ABOUT_RETURN_TYPE = YES_ERROR;
				GCC_WARN_UNDECLARED_SELECTOR = YES;
				GCC_WARN_UNINITIALIZED_AUTOS = YES_AGGRESSIVE;
				GCC_WARN_UNUSED_FUNCTION = YES;
				GCC_WARN_UNUSED_VARIABLE = YES;
				IPHONEOS_DEPLOYMENT_TARGET = 14.0;
				MTL_ENABLE_DEBUG_INFO = INCLUDE_SOURCE;
				MTL_FAST_MATH = YES;
				ONLY_ACTIVE_ARCH = YES;
				SDKROOT = iphoneos;
				SWIFT_ACTIVE_COMPILATION_CONDITIONS = DEBUG;
				SWIFT_OPTIMIZATION_LEVEL = "-Onone";
			};
			name = "Dev Debug";
		};
		5785D98F26D91B9400F4B2C9 /* Dev Debug */ = {
			isa = XCBuildConfiguration;
			baseConfigurationReference = 57F3D15326DD5225004B7559 /* Dev.xcconfig */;
			buildSettings = {
				ASSETCATALOG_COMPILER_APPICON_NAME = AppIcon;
				ASSETCATALOG_COMPILER_GLOBAL_ACCENT_COLOR_NAME = AccentColor;
				CODE_SIGN_ENTITLEMENTS = Phantom/Resource/Phantom.entitlements;
				CODE_SIGN_STYLE = Automatic;
				CURRENT_PROJECT_VERSION = 4;
				DEVELOPMENT_TEAM = J7W8R96J4N;
				INFOPLIST_FILE = Phantom/Resource/Info.plist;
				IPHONEOS_DEPLOYMENT_TARGET = 14.0;
				LD_RUNPATH_SEARCH_PATHS = (
					"$(inherited)",
					"@executable_path/Frameworks",
				);
				MARKETING_VERSION = 1.0.0;
				PRODUCT_NAME = Phantom;
				SWIFT_VERSION = 5.0;
				TARGETED_DEVICE_FAMILY = "1,2";
			};
			name = "Dev Debug";
		};
		5785D99226D91BAB00F4B2C9 /* Stable Debug */ = {
			isa = XCBuildConfiguration;
			baseConfigurationReference = 578CC1D52705F9A0004BC55C /* Base.xcconfig */;
			buildSettings = {
				ALWAYS_SEARCH_USER_PATHS = NO;
				CLANG_ANALYZER_NONNULL = YES;
				CLANG_ANALYZER_NUMBER_OBJECT_CONVERSION = YES_AGGRESSIVE;
				CLANG_CXX_LANGUAGE_STANDARD = "gnu++14";
				CLANG_CXX_LIBRARY = "libc++";
				CLANG_ENABLE_MODULES = YES;
				CLANG_ENABLE_OBJC_ARC = YES;
				CLANG_ENABLE_OBJC_WEAK = YES;
				CLANG_WARN_BLOCK_CAPTURE_AUTORELEASING = YES;
				CLANG_WARN_BOOL_CONVERSION = YES;
				CLANG_WARN_COMMA = YES;
				CLANG_WARN_CONSTANT_CONVERSION = YES;
				CLANG_WARN_DEPRECATED_OBJC_IMPLEMENTATIONS = YES;
				CLANG_WARN_DIRECT_OBJC_ISA_USAGE = YES_ERROR;
				CLANG_WARN_DOCUMENTATION_COMMENTS = YES;
				CLANG_WARN_EMPTY_BODY = YES;
				CLANG_WARN_ENUM_CONVERSION = YES;
				CLANG_WARN_INFINITE_RECURSION = YES;
				CLANG_WARN_INT_CONVERSION = YES;
				CLANG_WARN_NON_LITERAL_NULL_CONVERSION = YES;
				CLANG_WARN_OBJC_IMPLICIT_RETAIN_SELF = YES;
				CLANG_WARN_OBJC_LITERAL_CONVERSION = YES;
				CLANG_WARN_OBJC_ROOT_CLASS = YES_ERROR;
				CLANG_WARN_QUOTED_INCLUDE_IN_FRAMEWORK_HEADER = YES;
				CLANG_WARN_RANGE_LOOP_ANALYSIS = YES;
				CLANG_WARN_STRICT_PROTOTYPES = YES;
				CLANG_WARN_SUSPICIOUS_MOVE = YES;
				CLANG_WARN_UNGUARDED_AVAILABILITY = YES_AGGRESSIVE;
				CLANG_WARN_UNREACHABLE_CODE = YES;
				CLANG_WARN__DUPLICATE_METHOD_MATCH = YES;
				COPY_PHASE_STRIP = NO;
				DEBUG_INFORMATION_FORMAT = dwarf;
				ENABLE_STRICT_OBJC_MSGSEND = YES;
				ENABLE_TESTABILITY = YES;
				GCC_C_LANGUAGE_STANDARD = gnu11;
				GCC_DYNAMIC_NO_PIC = NO;
				GCC_NO_COMMON_BLOCKS = YES;
				GCC_OPTIMIZATION_LEVEL = 0;
				GCC_PREPROCESSOR_DEFINITIONS = (
					"DEBUG=1",
					"$(inherited)",
				);
				GCC_WARN_64_TO_32_BIT_CONVERSION = YES;
				GCC_WARN_ABOUT_RETURN_TYPE = YES_ERROR;
				GCC_WARN_UNDECLARED_SELECTOR = YES;
				GCC_WARN_UNINITIALIZED_AUTOS = YES_AGGRESSIVE;
				GCC_WARN_UNUSED_FUNCTION = YES;
				GCC_WARN_UNUSED_VARIABLE = YES;
				IPHONEOS_DEPLOYMENT_TARGET = 14.0;
				MTL_ENABLE_DEBUG_INFO = INCLUDE_SOURCE;
				MTL_FAST_MATH = YES;
				ONLY_ACTIVE_ARCH = YES;
				SDKROOT = iphoneos;
				SWIFT_ACTIVE_COMPILATION_CONDITIONS = DEBUG;
				SWIFT_OPTIMIZATION_LEVEL = "-Onone";
			};
			name = "Stable Debug";
		};
		5785D99326D91BAB00F4B2C9 /* Stable Debug */ = {
			isa = XCBuildConfiguration;
			baseConfigurationReference = 57F3D15426DD5259004B7559 /* Stable.xcconfig */;
			buildSettings = {
				ASSETCATALOG_COMPILER_APPICON_NAME = AppIcon;
				ASSETCATALOG_COMPILER_GLOBAL_ACCENT_COLOR_NAME = AccentColor;
				CODE_SIGN_ENTITLEMENTS = Phantom/Resource/Phantom.entitlements;
				CODE_SIGN_STYLE = Automatic;
				CURRENT_PROJECT_VERSION = 4;
				DEVELOPMENT_TEAM = J7W8R96J4N;
				INFOPLIST_FILE = Phantom/Resource/Info.plist;
				IPHONEOS_DEPLOYMENT_TARGET = 14.0;
				LD_RUNPATH_SEARCH_PATHS = (
					"$(inherited)",
					"@executable_path/Frameworks",
				);
				MARKETING_VERSION = 1.0.0;
				PRODUCT_NAME = Phantom;
				SWIFT_VERSION = 5.0;
				TARGETED_DEVICE_FAMILY = "1,2";
			};
			name = "Stable Debug";
		};
		5785D99426D91BC000F4B2C9 /* Stable Release */ = {
			isa = XCBuildConfiguration;
			baseConfigurationReference = 578CC1D52705F9A0004BC55C /* Base.xcconfig */;
			buildSettings = {
				ALWAYS_SEARCH_USER_PATHS = NO;
				CLANG_ANALYZER_NONNULL = YES;
				CLANG_ANALYZER_NUMBER_OBJECT_CONVERSION = YES_AGGRESSIVE;
				CLANG_CXX_LANGUAGE_STANDARD = "gnu++14";
				CLANG_CXX_LIBRARY = "libc++";
				CLANG_ENABLE_MODULES = YES;
				CLANG_ENABLE_OBJC_ARC = YES;
				CLANG_ENABLE_OBJC_WEAK = YES;
				CLANG_WARN_BLOCK_CAPTURE_AUTORELEASING = YES;
				CLANG_WARN_BOOL_CONVERSION = YES;
				CLANG_WARN_COMMA = YES;
				CLANG_WARN_CONSTANT_CONVERSION = YES;
				CLANG_WARN_DEPRECATED_OBJC_IMPLEMENTATIONS = YES;
				CLANG_WARN_DIRECT_OBJC_ISA_USAGE = YES_ERROR;
				CLANG_WARN_DOCUMENTATION_COMMENTS = YES;
				CLANG_WARN_EMPTY_BODY = YES;
				CLANG_WARN_ENUM_CONVERSION = YES;
				CLANG_WARN_INFINITE_RECURSION = YES;
				CLANG_WARN_INT_CONVERSION = YES;
				CLANG_WARN_NON_LITERAL_NULL_CONVERSION = YES;
				CLANG_WARN_OBJC_IMPLICIT_RETAIN_SELF = YES;
				CLANG_WARN_OBJC_LITERAL_CONVERSION = YES;
				CLANG_WARN_OBJC_ROOT_CLASS = YES_ERROR;
				CLANG_WARN_QUOTED_INCLUDE_IN_FRAMEWORK_HEADER = YES;
				CLANG_WARN_RANGE_LOOP_ANALYSIS = YES;
				CLANG_WARN_STRICT_PROTOTYPES = YES;
				CLANG_WARN_SUSPICIOUS_MOVE = YES;
				CLANG_WARN_UNGUARDED_AVAILABILITY = YES_AGGRESSIVE;
				CLANG_WARN_UNREACHABLE_CODE = YES;
				CLANG_WARN__DUPLICATE_METHOD_MATCH = YES;
				COPY_PHASE_STRIP = NO;
				DEBUG_INFORMATION_FORMAT = "dwarf-with-dsym";
				ENABLE_NS_ASSERTIONS = NO;
				ENABLE_STRICT_OBJC_MSGSEND = YES;
				GCC_C_LANGUAGE_STANDARD = gnu11;
				GCC_NO_COMMON_BLOCKS = YES;
				GCC_WARN_64_TO_32_BIT_CONVERSION = YES;
				GCC_WARN_ABOUT_RETURN_TYPE = YES_ERROR;
				GCC_WARN_UNDECLARED_SELECTOR = YES;
				GCC_WARN_UNINITIALIZED_AUTOS = YES_AGGRESSIVE;
				GCC_WARN_UNUSED_FUNCTION = YES;
				GCC_WARN_UNUSED_VARIABLE = YES;
				IPHONEOS_DEPLOYMENT_TARGET = 14.0;
				MTL_ENABLE_DEBUG_INFO = NO;
				MTL_FAST_MATH = YES;
				SDKROOT = iphoneos;
				SWIFT_COMPILATION_MODE = wholemodule;
				SWIFT_OPTIMIZATION_LEVEL = "-O";
				VALIDATE_PRODUCT = YES;
			};
			name = "Stable Release";
		};
		5785D99526D91BC000F4B2C9 /* Stable Release */ = {
			isa = XCBuildConfiguration;
			baseConfigurationReference = 57F3D15426DD5259004B7559 /* Stable.xcconfig */;
			buildSettings = {
				ASSETCATALOG_COMPILER_APPICON_NAME = AppIcon;
				ASSETCATALOG_COMPILER_GLOBAL_ACCENT_COLOR_NAME = AccentColor;
				CODE_SIGN_ENTITLEMENTS = Phantom/Resource/Phantom.entitlements;
				CODE_SIGN_STYLE = Automatic;
				CURRENT_PROJECT_VERSION = 4;
				DEVELOPMENT_TEAM = J7W8R96J4N;
				INFOPLIST_FILE = Phantom/Resource/Info.plist;
				IPHONEOS_DEPLOYMENT_TARGET = 14.0;
				LD_RUNPATH_SEARCH_PATHS = (
					"$(inherited)",
					"@executable_path/Frameworks",
				);
				MARKETING_VERSION = 1.0.0;
				PRODUCT_NAME = Phantom;
				SWIFT_VERSION = 5.0;
				TARGETED_DEVICE_FAMILY = "1,2";
			};
			name = "Stable Release";
		};
		71C031C024FA6B5700D6E19F /* Debug */ = {
			isa = XCBuildConfiguration;
			baseConfigurationReference = 578CC1D52705F9A0004BC55C /* Base.xcconfig */;
			buildSettings = {
				ALWAYS_SEARCH_USER_PATHS = NO;
				CLANG_ANALYZER_NONNULL = YES;
				CLANG_ANALYZER_NUMBER_OBJECT_CONVERSION = YES_AGGRESSIVE;
				CLANG_CXX_LANGUAGE_STANDARD = "gnu++14";
				CLANG_CXX_LIBRARY = "libc++";
				CLANG_ENABLE_MODULES = YES;
				CLANG_ENABLE_OBJC_ARC = YES;
				CLANG_ENABLE_OBJC_WEAK = YES;
				CLANG_WARN_BLOCK_CAPTURE_AUTORELEASING = YES;
				CLANG_WARN_BOOL_CONVERSION = YES;
				CLANG_WARN_COMMA = YES;
				CLANG_WARN_CONSTANT_CONVERSION = YES;
				CLANG_WARN_DEPRECATED_OBJC_IMPLEMENTATIONS = YES;
				CLANG_WARN_DIRECT_OBJC_ISA_USAGE = YES_ERROR;
				CLANG_WARN_DOCUMENTATION_COMMENTS = YES;
				CLANG_WARN_EMPTY_BODY = YES;
				CLANG_WARN_ENUM_CONVERSION = YES;
				CLANG_WARN_INFINITE_RECURSION = YES;
				CLANG_WARN_INT_CONVERSION = YES;
				CLANG_WARN_NON_LITERAL_NULL_CONVERSION = YES;
				CLANG_WARN_OBJC_IMPLICIT_RETAIN_SELF = YES;
				CLANG_WARN_OBJC_LITERAL_CONVERSION = YES;
				CLANG_WARN_OBJC_ROOT_CLASS = YES_ERROR;
				CLANG_WARN_QUOTED_INCLUDE_IN_FRAMEWORK_HEADER = YES;
				CLANG_WARN_RANGE_LOOP_ANALYSIS = YES;
				CLANG_WARN_STRICT_PROTOTYPES = YES;
				CLANG_WARN_SUSPICIOUS_MOVE = YES;
				CLANG_WARN_UNGUARDED_AVAILABILITY = YES_AGGRESSIVE;
				CLANG_WARN_UNREACHABLE_CODE = YES;
				CLANG_WARN__DUPLICATE_METHOD_MATCH = YES;
				COPY_PHASE_STRIP = NO;
				DEBUG_INFORMATION_FORMAT = dwarf;
				ENABLE_STRICT_OBJC_MSGSEND = YES;
				ENABLE_TESTABILITY = YES;
				GCC_C_LANGUAGE_STANDARD = gnu11;
				GCC_DYNAMIC_NO_PIC = NO;
				GCC_NO_COMMON_BLOCKS = YES;
				GCC_OPTIMIZATION_LEVEL = 0;
				GCC_PREPROCESSOR_DEFINITIONS = (
					"DEBUG=1",
					"$(inherited)",
				);
				GCC_WARN_64_TO_32_BIT_CONVERSION = YES;
				GCC_WARN_ABOUT_RETURN_TYPE = YES_ERROR;
				GCC_WARN_UNDECLARED_SELECTOR = YES;
				GCC_WARN_UNINITIALIZED_AUTOS = YES_AGGRESSIVE;
				GCC_WARN_UNUSED_FUNCTION = YES;
				GCC_WARN_UNUSED_VARIABLE = YES;
				IPHONEOS_DEPLOYMENT_TARGET = 14.0;
				MTL_ENABLE_DEBUG_INFO = INCLUDE_SOURCE;
				MTL_FAST_MATH = YES;
				ONLY_ACTIVE_ARCH = YES;
				SDKROOT = iphoneos;
				SWIFT_ACTIVE_COMPILATION_CONDITIONS = DEBUG;
				SWIFT_OPTIMIZATION_LEVEL = "-Onone";
			};
			name = Debug;
		};
		71C031C124FA6B5700D6E19F /* Dev Release */ = {
			isa = XCBuildConfiguration;
			baseConfigurationReference = 578CC1D52705F9A0004BC55C /* Base.xcconfig */;
			buildSettings = {
				ALWAYS_SEARCH_USER_PATHS = NO;
				CLANG_ANALYZER_NONNULL = YES;
				CLANG_ANALYZER_NUMBER_OBJECT_CONVERSION = YES_AGGRESSIVE;
				CLANG_CXX_LANGUAGE_STANDARD = "gnu++14";
				CLANG_CXX_LIBRARY = "libc++";
				CLANG_ENABLE_MODULES = YES;
				CLANG_ENABLE_OBJC_ARC = YES;
				CLANG_ENABLE_OBJC_WEAK = YES;
				CLANG_WARN_BLOCK_CAPTURE_AUTORELEASING = YES;
				CLANG_WARN_BOOL_CONVERSION = YES;
				CLANG_WARN_COMMA = YES;
				CLANG_WARN_CONSTANT_CONVERSION = YES;
				CLANG_WARN_DEPRECATED_OBJC_IMPLEMENTATIONS = YES;
				CLANG_WARN_DIRECT_OBJC_ISA_USAGE = YES_ERROR;
				CLANG_WARN_DOCUMENTATION_COMMENTS = YES;
				CLANG_WARN_EMPTY_BODY = YES;
				CLANG_WARN_ENUM_CONVERSION = YES;
				CLANG_WARN_INFINITE_RECURSION = YES;
				CLANG_WARN_INT_CONVERSION = YES;
				CLANG_WARN_NON_LITERAL_NULL_CONVERSION = YES;
				CLANG_WARN_OBJC_IMPLICIT_RETAIN_SELF = YES;
				CLANG_WARN_OBJC_LITERAL_CONVERSION = YES;
				CLANG_WARN_OBJC_ROOT_CLASS = YES_ERROR;
				CLANG_WARN_QUOTED_INCLUDE_IN_FRAMEWORK_HEADER = YES;
				CLANG_WARN_RANGE_LOOP_ANALYSIS = YES;
				CLANG_WARN_STRICT_PROTOTYPES = YES;
				CLANG_WARN_SUSPICIOUS_MOVE = YES;
				CLANG_WARN_UNGUARDED_AVAILABILITY = YES_AGGRESSIVE;
				CLANG_WARN_UNREACHABLE_CODE = YES;
				CLANG_WARN__DUPLICATE_METHOD_MATCH = YES;
				COPY_PHASE_STRIP = NO;
				DEBUG_INFORMATION_FORMAT = "dwarf-with-dsym";
				ENABLE_NS_ASSERTIONS = NO;
				ENABLE_STRICT_OBJC_MSGSEND = YES;
				GCC_C_LANGUAGE_STANDARD = gnu11;
				GCC_NO_COMMON_BLOCKS = YES;
				GCC_WARN_64_TO_32_BIT_CONVERSION = YES;
				GCC_WARN_ABOUT_RETURN_TYPE = YES_ERROR;
				GCC_WARN_UNDECLARED_SELECTOR = YES;
				GCC_WARN_UNINITIALIZED_AUTOS = YES_AGGRESSIVE;
				GCC_WARN_UNUSED_FUNCTION = YES;
				GCC_WARN_UNUSED_VARIABLE = YES;
				IPHONEOS_DEPLOYMENT_TARGET = 14.0;
				MTL_ENABLE_DEBUG_INFO = NO;
				MTL_FAST_MATH = YES;
				SDKROOT = iphoneos;
				SWIFT_COMPILATION_MODE = wholemodule;
				SWIFT_OPTIMIZATION_LEVEL = "-O";
				VALIDATE_PRODUCT = YES;
			};
			name = "Dev Release";
		};
		71C031C324FA6B5700D6E19F /* Debug */ = {
			isa = XCBuildConfiguration;
			baseConfigurationReference = 57F3D15226DD4E85004B7559 /* Debug.xcconfig */;
			buildSettings = {
				ASSETCATALOG_COMPILER_APPICON_NAME = AppIcon;
				ASSETCATALOG_COMPILER_GLOBAL_ACCENT_COLOR_NAME = AccentColor;
				CODE_SIGN_ENTITLEMENTS = Phantom/Resource/Phantom.entitlements;
				CODE_SIGN_STYLE = Automatic;
				CURRENT_PROJECT_VERSION = 4;
				DEVELOPMENT_TEAM = J7W8R96J4N;
				INFOPLIST_FILE = Phantom/Resource/Info.plist;
				IPHONEOS_DEPLOYMENT_TARGET = 14.0;
				LD_RUNPATH_SEARCH_PATHS = (
					"$(inherited)",
					"@executable_path/Frameworks",
				);
				MARKETING_VERSION = 1.0.0;
				PRODUCT_NAME = Phantom;
				SWIFT_VERSION = 5.0;
				TARGETED_DEVICE_FAMILY = "1,2";
			};
			name = Debug;
		};
		71C031C424FA6B5700D6E19F /* Dev Release */ = {
			isa = XCBuildConfiguration;
			baseConfigurationReference = 57F3D15326DD5225004B7559 /* Dev.xcconfig */;
			buildSettings = {
				ASSETCATALOG_COMPILER_APPICON_NAME = AppIcon;
				ASSETCATALOG_COMPILER_GLOBAL_ACCENT_COLOR_NAME = AccentColor;
				CODE_SIGN_ENTITLEMENTS = Phantom/Resource/Phantom.entitlements;
				CODE_SIGN_STYLE = Automatic;
				CURRENT_PROJECT_VERSION = 4;
				DEVELOPMENT_TEAM = J7W8R96J4N;
				INFOPLIST_FILE = Phantom/Resource/Info.plist;
				IPHONEOS_DEPLOYMENT_TARGET = 14.0;
				LD_RUNPATH_SEARCH_PATHS = (
					"$(inherited)",
					"@executable_path/Frameworks",
				);
				MARKETING_VERSION = 1.0.0;
				PRODUCT_NAME = Phantom;
				SWIFT_VERSION = 5.0;
				TARGETED_DEVICE_FAMILY = "1,2";
			};
			name = "Dev Release";
		};
/* End XCBuildConfiguration section */

/* Begin XCConfigurationList section */
		71C031A924FA6B5600D6E19F /* Build configuration list for PBXProject "Phantom" */ = {
			isa = XCConfigurationList;
			buildConfigurations = (
				71C031C024FA6B5700D6E19F /* Debug */,
				5785D98E26D91B9400F4B2C9 /* Dev Debug */,
				5785D99226D91BAB00F4B2C9 /* Stable Debug */,
				71C031C124FA6B5700D6E19F /* Dev Release */,
				5785D99426D91BC000F4B2C9 /* Stable Release */,
			);
			defaultConfigurationIsVisible = 0;
			defaultConfigurationName = "Dev Release";
		};
		71C031C224FA6B5700D6E19F /* Build configuration list for PBXNativeTarget "Phantom" */ = {
			isa = XCConfigurationList;
			buildConfigurations = (
				71C031C324FA6B5700D6E19F /* Debug */,
				5785D98F26D91B9400F4B2C9 /* Dev Debug */,
				5785D99326D91BAB00F4B2C9 /* Stable Debug */,
				71C031C424FA6B5700D6E19F /* Dev Release */,
				5785D99526D91BC000F4B2C9 /* Stable Release */,
			);
			defaultConfigurationIsVisible = 0;
			defaultConfigurationName = "Dev Release";
		};
/* End XCConfigurationList section */

/* Begin XCRemoteSwiftPackageReference section */
		575D7878264C264800173E7A /* XCRemoteSwiftPackageReference "Kingfisher" */ = {
			isa = XCRemoteSwiftPackageReference;
			repositoryURL = "https://github.com/onevcat/Kingfisher.git";
			requirement = {
				kind = upToNextMajorVersion;
				minimumVersion = 7.0.0;
			};
		};
/* End XCRemoteSwiftPackageReference section */

/* Begin XCSwiftPackageProductDependency section */
		575D7879264C264800173E7A /* Kingfisher */ = {
			isa = XCSwiftPackageProductDependency;
			package = 575D7878264C264800173E7A /* XCRemoteSwiftPackageReference "Kingfisher" */;
			productName = Kingfisher;
		};
/* End XCSwiftPackageProductDependency section */
	};
	rootObject = 71C031A624FA6B5600D6E19F /* Project object */;
}
