// !$*UTF8*$!
{
	archiveVersion = 1;
	classes = {
	};
	objectVersion = 50;
	objects = {

/* Begin PBXBuildFile section */
		5727A52126387BD600CE3FCD /* SubmitterMiddleware.swift in Sources */ = {isa = PBXBuildFile; fileRef = 5727A52026387BD600CE3FCD /* SubmitterMiddleware.swift */; };
		5727A52326387CF400CE3FCD /* WallhavenMiddleware.swift in Sources */ = {isa = PBXBuildFile; fileRef = 5727A52226387CF400CE3FCD /* WallhavenMiddleware.swift */; };
		5768C3352639BE2A00459260 /* ImgurMiddleware.swift in Sources */ = {isa = PBXBuildFile; fileRef = 5768C3342639BE2A00459260 /* ImgurMiddleware.swift */; };
		5768C3372639C9D400459260 /* ImgurViewController.swift in Sources */ = {isa = PBXBuildFile; fileRef = 5768C3362639C9D400459260 /* ImgurViewController.swift */; };
		5768C33B2639CE9C00459260 /* Imgur.swift in Sources */ = {isa = PBXBuildFile; fileRef = 5768C33A2639CE9C00459260 /* Imgur.swift */; };
		71614EF124FD195C00FA8B76 /* Database.swift in Sources */ = {isa = PBXBuildFile; fileRef = 71614EF024FD195C00FA8B76 /* Database.swift */; };
		71684AD125024D83005BA857 /* PostCell.swift in Sources */ = {isa = PBXBuildFile; fileRef = 71684AD025024D83005BA857 /* PostCell.swift */; };
		7179EF3A2501037000BDA598 /* PostSubmitter.swift in Sources */ = {isa = PBXBuildFile; fileRef = 7179EF392501037000BDA598 /* PostSubmitter.swift */; };
		718181DA24FBE01D00059658 /* PostViewController.swift in Sources */ = {isa = PBXBuildFile; fileRef = 718181D924FBE01D00059658 /* PostViewController.swift */; };
		718181DC24FBEDF500059658 /* Post.swift in Sources */ = {isa = PBXBuildFile; fileRef = 718181DB24FBEDF500059658 /* Post.swift */; };
		718181DE24FBFEE200059658 /* Requests.swift in Sources */ = {isa = PBXBuildFile; fileRef = 718181DD24FBFEE200059658 /* Requests.swift */; };
		7192A40A24FFD76500CB54A8 /* Notifications.swift in Sources */ = {isa = PBXBuildFile; fileRef = 7192A40924FFD76500CB54A8 /* Notifications.swift */; };
		71C031B224FA6B5600D6E19F /* AppDelegate.swift in Sources */ = {isa = PBXBuildFile; fileRef = 71C031B124FA6B5600D6E19F /* AppDelegate.swift */; };
		71C031B424FA6B5600D6E19F /* SceneDelegate.swift in Sources */ = {isa = PBXBuildFile; fileRef = 71C031B324FA6B5600D6E19F /* SceneDelegate.swift */; };
		71C031B624FA6B5600D6E19F /* IntroductionViewController.swift in Sources */ = {isa = PBXBuildFile; fileRef = 71C031B524FA6B5600D6E19F /* IntroductionViewController.swift */; };
		71C031B924FA6B5600D6E19F /* Main.storyboard in Resources */ = {isa = PBXBuildFile; fileRef = 71C031B724FA6B5600D6E19F /* Main.storyboard */; };
		71C031BB24FA6B5700D6E19F /* Assets.xcassets in Resources */ = {isa = PBXBuildFile; fileRef = 71C031BA24FA6B5700D6E19F /* Assets.xcassets */; };
		71C031BE24FA6B5700D6E19F /* LaunchScreen.storyboard in Resources */ = {isa = PBXBuildFile; fileRef = 71C031BC24FA6B5700D6E19F /* LaunchScreen.storyboard */; };
		71C031C724FA6FF400D6E19F /* WebKit.framework in Frameworks */ = {isa = PBXBuildFile; fileRef = 71C031C624FA6FF400D6E19F /* WebKit.framework */; };
		71C031C924FA705B00D6E19F /* LoginViewController.swift in Sources */ = {isa = PBXBuildFile; fileRef = 71C031C824FA705B00D6E19F /* LoginViewController.swift */; };
		71C031CB24FA8B4E00D6E19F /* Reddit.swift in Sources */ = {isa = PBXBuildFile; fileRef = 71C031CA24FA8B4E00D6E19F /* Reddit.swift */; };
		71C031CD24FA95CB00D6E19F /* Extensions.swift in Sources */ = {isa = PBXBuildFile; fileRef = 71C031CC24FA95CB00D6E19F /* Extensions.swift */; };
		71C646A9250254A4005C28B1 /* PostTableViewController.swift in Sources */ = {isa = PBXBuildFile; fileRef = 71C646A8250254A4005C28B1 /* PostTableViewController.swift */; };
		960D066225277F7700FFB4AC /* PostTablePresenter.swift in Sources */ = {isa = PBXBuildFile; fileRef = 960D066125277F7700FFB4AC /* PostTablePresenter.swift */; };
		960D066525277FC100FFB4AC /* PostTableViewDelegate.swift in Sources */ = {isa = PBXBuildFile; fileRef = 960D066425277FC100FFB4AC /* PostTableViewDelegate.swift */; };
		96886AE3250BCFBE004FDE30 /* PostNotifier.swift in Sources */ = {isa = PBXBuildFile; fileRef = 96886AE2250BCFBE004FDE30 /* PostNotifier.swift */; };
		969B7391250E76DA008C87C8 /* ZombieSubmitter.swift in Sources */ = {isa = PBXBuildFile; fileRef = 969B7390250E76DA008C87C8 /* ZombieSubmitter.swift */; };
		96AA4D68252B56CB009488F6 /* PostPresenter.swift in Sources */ = {isa = PBXBuildFile; fileRef = 96AA4D67252B56CB009488F6 /* PostPresenter.swift */; };
		96AA4D6B252B574B009488F6 /* PostViewDelegate.swift in Sources */ = {isa = PBXBuildFile; fileRef = 96AA4D6A252B574B009488F6 /* PostViewDelegate.swift */; };
/* End PBXBuildFile section */

/* Begin PBXFileReference section */
		5727A52026387BD600CE3FCD /* SubmitterMiddleware.swift */ = {isa = PBXFileReference; lastKnownFileType = sourcecode.swift; path = SubmitterMiddleware.swift; sourceTree = "<group>"; };
		5727A52226387CF400CE3FCD /* WallhavenMiddleware.swift */ = {isa = PBXFileReference; lastKnownFileType = sourcecode.swift; path = WallhavenMiddleware.swift; sourceTree = "<group>"; };
		5768C3342639BE2A00459260 /* ImgurMiddleware.swift */ = {isa = PBXFileReference; lastKnownFileType = sourcecode.swift; path = ImgurMiddleware.swift; sourceTree = "<group>"; };
		5768C3362639C9D400459260 /* ImgurViewController.swift */ = {isa = PBXFileReference; lastKnownFileType = sourcecode.swift; path = ImgurViewController.swift; sourceTree = "<group>"; };
		5768C33A2639CE9C00459260 /* Imgur.swift */ = {isa = PBXFileReference; lastKnownFileType = sourcecode.swift; path = Imgur.swift; sourceTree = "<group>"; };
		71614EF024FD195C00FA8B76 /* Database.swift */ = {isa = PBXFileReference; lastKnownFileType = sourcecode.swift; path = Database.swift; sourceTree = "<group>"; };
		71684AD025024D83005BA857 /* PostCell.swift */ = {isa = PBXFileReference; lastKnownFileType = sourcecode.swift; path = PostCell.swift; sourceTree = "<group>"; };
		7179EF392501037000BDA598 /* PostSubmitter.swift */ = {isa = PBXFileReference; lastKnownFileType = sourcecode.swift; path = PostSubmitter.swift; sourceTree = "<group>"; };
		718181D924FBE01D00059658 /* PostViewController.swift */ = {isa = PBXFileReference; lastKnownFileType = sourcecode.swift; path = PostViewController.swift; sourceTree = "<group>"; };
		718181DB24FBEDF500059658 /* Post.swift */ = {isa = PBXFileReference; lastKnownFileType = sourcecode.swift; path = Post.swift; sourceTree = "<group>"; };
		718181DD24FBFEE200059658 /* Requests.swift */ = {isa = PBXFileReference; lastKnownFileType = sourcecode.swift; path = Requests.swift; sourceTree = "<group>"; };
		7192A40924FFD76500CB54A8 /* Notifications.swift */ = {isa = PBXFileReference; lastKnownFileType = sourcecode.swift; path = Notifications.swift; sourceTree = "<group>"; };
		71C031AE24FA6B5600D6E19F /* Phantom.app */ = {isa = PBXFileReference; explicitFileType = wrapper.application; includeInIndex = 0; path = Phantom.app; sourceTree = BUILT_PRODUCTS_DIR; };
		71C031B124FA6B5600D6E19F /* AppDelegate.swift */ = {isa = PBXFileReference; lastKnownFileType = sourcecode.swift; path = AppDelegate.swift; sourceTree = "<group>"; };
		71C031B324FA6B5600D6E19F /* SceneDelegate.swift */ = {isa = PBXFileReference; lastKnownFileType = sourcecode.swift; path = SceneDelegate.swift; sourceTree = "<group>"; };
		71C031B524FA6B5600D6E19F /* IntroductionViewController.swift */ = {isa = PBXFileReference; lastKnownFileType = sourcecode.swift; path = IntroductionViewController.swift; sourceTree = "<group>"; };
		71C031B824FA6B5600D6E19F /* Base */ = {isa = PBXFileReference; lastKnownFileType = file.storyboard; name = Base; path = Base.lproj/Main.storyboard; sourceTree = "<group>"; };
		71C031BA24FA6B5700D6E19F /* Assets.xcassets */ = {isa = PBXFileReference; lastKnownFileType = folder.assetcatalog; path = Assets.xcassets; sourceTree = "<group>"; };
		71C031BD24FA6B5700D6E19F /* Base */ = {isa = PBXFileReference; lastKnownFileType = file.storyboard; name = Base; path = Base.lproj/LaunchScreen.storyboard; sourceTree = "<group>"; };
		71C031BF24FA6B5700D6E19F /* Info.plist */ = {isa = PBXFileReference; lastKnownFileType = text.plist.xml; path = Info.plist; sourceTree = "<group>"; };
		71C031C624FA6FF400D6E19F /* WebKit.framework */ = {isa = PBXFileReference; lastKnownFileType = wrapper.framework; name = WebKit.framework; path = System/Library/Frameworks/WebKit.framework; sourceTree = SDKROOT; };
		71C031C824FA705B00D6E19F /* LoginViewController.swift */ = {isa = PBXFileReference; lastKnownFileType = sourcecode.swift; path = LoginViewController.swift; sourceTree = "<group>"; };
		71C031CA24FA8B4E00D6E19F /* Reddit.swift */ = {isa = PBXFileReference; lastKnownFileType = sourcecode.swift; path = Reddit.swift; sourceTree = "<group>"; };
		71C031CC24FA95CB00D6E19F /* Extensions.swift */ = {isa = PBXFileReference; lastKnownFileType = sourcecode.swift; path = Extensions.swift; sourceTree = "<group>"; };
		71C646A8250254A4005C28B1 /* PostTableViewController.swift */ = {isa = PBXFileReference; lastKnownFileType = sourcecode.swift; path = PostTableViewController.swift; sourceTree = "<group>"; };
		960D066125277F7700FFB4AC /* PostTablePresenter.swift */ = {isa = PBXFileReference; lastKnownFileType = sourcecode.swift; path = PostTablePresenter.swift; sourceTree = "<group>"; };
		960D066425277FC100FFB4AC /* PostTableViewDelegate.swift */ = {isa = PBXFileReference; lastKnownFileType = sourcecode.swift; path = PostTableViewDelegate.swift; sourceTree = "<group>"; };
		96886AE2250BCFBE004FDE30 /* PostNotifier.swift */ = {isa = PBXFileReference; lastKnownFileType = sourcecode.swift; path = PostNotifier.swift; sourceTree = "<group>"; };
		969B7390250E76DA008C87C8 /* ZombieSubmitter.swift */ = {isa = PBXFileReference; lastKnownFileType = sourcecode.swift; path = ZombieSubmitter.swift; sourceTree = "<group>"; };
		96AA4D67252B56CB009488F6 /* PostPresenter.swift */ = {isa = PBXFileReference; lastKnownFileType = sourcecode.swift; path = PostPresenter.swift; sourceTree = "<group>"; };
		96AA4D6A252B574B009488F6 /* PostViewDelegate.swift */ = {isa = PBXFileReference; lastKnownFileType = sourcecode.swift; path = PostViewDelegate.swift; sourceTree = "<group>"; };
/* End PBXFileReference section */

/* Begin PBXFrameworksBuildPhase section */
		71C031AB24FA6B5600D6E19F /* Frameworks */ = {
			isa = PBXFrameworksBuildPhase;
			buildActionMask = 2147483647;
			files = (
				71C031C724FA6FF400D6E19F /* WebKit.framework in Frameworks */,
			);
			runOnlyForDeploymentPostprocessing = 0;
		};
/* End PBXFrameworksBuildPhase section */

/* Begin PBXGroup section */
		71C031A524FA6B5600D6E19F = {
			isa = PBXGroup;
			children = (
				71C031B024FA6B5600D6E19F /* Phantom */,
				71C031AF24FA6B5600D6E19F /* Products */,
				71C031C524FA6FF400D6E19F /* Frameworks */,
			);
			sourceTree = "<group>";
		};
		71C031AF24FA6B5600D6E19F /* Products */ = {
			isa = PBXGroup;
			children = (
				71C031AE24FA6B5600D6E19F /* Phantom.app */,
			);
			name = Products;
			sourceTree = "<group>";
		};
		71C031B024FA6B5600D6E19F /* Phantom */ = {
			isa = PBXGroup;
			children = (
				9693DCE92527736100A4A23E /* Model */,
				9693DCE8252772D200A4A23E /* View */,
				9693DCEA252773E400A4A23E /* Presenter */,
				9693DCEB252773FE00A4A23E /* Other */,
				71C031BA24FA6B5700D6E19F /* Assets.xcassets */,
				71C031BF24FA6B5700D6E19F /* Info.plist */,
			);
			path = Phantom;
			sourceTree = "<group>";
		};
		71C031C524FA6FF400D6E19F /* Frameworks */ = {
			isa = PBXGroup;
			children = (
				71C031C624FA6FF400D6E19F /* WebKit.framework */,
			);
			name = Frameworks;
			sourceTree = "<group>";
		};
		9693DCE8252772D200A4A23E /* View */ = {
			isa = PBXGroup;
			children = (
				7192A40924FFD76500CB54A8 /* Notifications.swift */,
				71684AD025024D83005BA857 /* PostCell.swift */,
				718181D924FBE01D00059658 /* PostViewController.swift */,
				71C646A8250254A4005C28B1 /* PostTableViewController.swift */,
				71C031B724FA6B5600D6E19F /* Main.storyboard */,
				71C031B324FA6B5600D6E19F /* SceneDelegate.swift */,
				71C031B124FA6B5600D6E19F /* AppDelegate.swift */,
				71C031BC24FA6B5700D6E19F /* LaunchScreen.storyboard */,
				71C031B524FA6B5600D6E19F /* IntroductionViewController.swift */,
				71C031C824FA705B00D6E19F /* LoginViewController.swift */,
				5768C3362639C9D400459260 /* ImgurViewController.swift */,
			);
			path = View;
			sourceTree = "<group>";
		};
		9693DCE92527736100A4A23E /* Model */ = {
			isa = PBXGroup;
			children = (
				718181DB24FBEDF500059658 /* Post.swift */,
				71C031CA24FA8B4E00D6E19F /* Reddit.swift */,
				71614EF024FD195C00FA8B76 /* Database.swift */,
				718181DD24FBFEE200059658 /* Requests.swift */,
				7179EF392501037000BDA598 /* PostSubmitter.swift */,
				969B7390250E76DA008C87C8 /* ZombieSubmitter.swift */,
				96886AE2250BCFBE004FDE30 /* PostNotifier.swift */,
				5727A52026387BD600CE3FCD /* SubmitterMiddleware.swift */,
				5727A52226387CF400CE3FCD /* WallhavenMiddleware.swift */,
				5768C3342639BE2A00459260 /* ImgurMiddleware.swift */,
				5768C33A2639CE9C00459260 /* Imgur.swift */,
			);
			path = Model;
			sourceTree = "<group>";
		};
		9693DCEA252773E400A4A23E /* Presenter */ = {
			isa = PBXGroup;
			children = (
				96AA4D67252B56CB009488F6 /* PostPresenter.swift */,
				96AA4D6A252B574B009488F6 /* PostViewDelegate.swift */,
				960D066125277F7700FFB4AC /* PostTablePresenter.swift */,
				960D066425277FC100FFB4AC /* PostTableViewDelegate.swift */,
			);
			path = Presenter;
			sourceTree = "<group>";
		};
		9693DCEB252773FE00A4A23E /* Other */ = {
			isa = PBXGroup;
			children = (
				71C031CC24FA95CB00D6E19F /* Extensions.swift */,
			);
			path = Other;
			sourceTree = "<group>";
		};
/* End PBXGroup section */

/* Begin PBXNativeTarget section */
		71C031AD24FA6B5600D6E19F /* Phantom */ = {
			isa = PBXNativeTarget;
			buildConfigurationList = 71C031C224FA6B5700D6E19F /* Build configuration list for PBXNativeTarget "Phantom" */;
			buildPhases = (
				71C031AA24FA6B5600D6E19F /* Sources */,
				71C031AB24FA6B5600D6E19F /* Frameworks */,
				71C031AC24FA6B5600D6E19F /* Resources */,
			);
			buildRules = (
			);
			dependencies = (
			);
			name = Phantom;
			packageProductDependencies = (
			);
			productName = Phantom;
			productReference = 71C031AE24FA6B5600D6E19F /* Phantom.app */;
			productType = "com.apple.product-type.application";
		};
/* End PBXNativeTarget section */

/* Begin PBXProject section */
		71C031A624FA6B5600D6E19F /* Project object */ = {
			isa = PBXProject;
			attributes = {
				LastSwiftUpdateCheck = 1160;
				LastUpgradeCheck = 1240;
				ORGANIZATIONNAME = Rivershy;
				TargetAttributes = {
					71C031AD24FA6B5600D6E19F = {
						CreatedOnToolsVersion = 11.6;
					};
				};
			};
			buildConfigurationList = 71C031A924FA6B5600D6E19F /* Build configuration list for PBXProject "Phantom" */;
			compatibilityVersion = "Xcode 9.3";
			developmentRegion = en;
			hasScannedForEncodings = 0;
			knownRegions = (
				en,
				Base,
			);
			mainGroup = 71C031A524FA6B5600D6E19F;
			packageReferences = (
			);
			productRefGroup = 71C031AF24FA6B5600D6E19F /* Products */;
			projectDirPath = "";
			projectRoot = "";
			targets = (
				71C031AD24FA6B5600D6E19F /* Phantom */,
			);
		};
/* End PBXProject section */

/* Begin PBXResourcesBuildPhase section */
		71C031AC24FA6B5600D6E19F /* Resources */ = {
			isa = PBXResourcesBuildPhase;
			buildActionMask = 2147483647;
			files = (
				71C031BE24FA6B5700D6E19F /* LaunchScreen.storyboard in Resources */,
				71C031BB24FA6B5700D6E19F /* Assets.xcassets in Resources */,
				71C031B924FA6B5600D6E19F /* Main.storyboard in Resources */,
			);
			runOnlyForDeploymentPostprocessing = 0;
		};
/* End PBXResourcesBuildPhase section */

/* Begin PBXSourcesBuildPhase section */
		71C031AA24FA6B5600D6E19F /* Sources */ = {
			isa = PBXSourcesBuildPhase;
			buildActionMask = 2147483647;
			files = (
				7192A40A24FFD76500CB54A8 /* Notifications.swift in Sources */,
				960D066225277F7700FFB4AC /* PostTablePresenter.swift in Sources */,
				960D066525277FC100FFB4AC /* PostTableViewDelegate.swift in Sources */,
				718181DA24FBE01D00059658 /* PostViewController.swift in Sources */,
				5768C33B2639CE9C00459260 /* Imgur.swift in Sources */,
				5727A52126387BD600CE3FCD /* SubmitterMiddleware.swift in Sources */,
				71C031CB24FA8B4E00D6E19F /* Reddit.swift in Sources */,
				96886AE3250BCFBE004FDE30 /* PostNotifier.swift in Sources */,
				71C031CD24FA95CB00D6E19F /* Extensions.swift in Sources */,
				718181DE24FBFEE200059658 /* Requests.swift in Sources */,
				718181DC24FBEDF500059658 /* Post.swift in Sources */,
				96AA4D6B252B574B009488F6 /* PostViewDelegate.swift in Sources */,
				71C031C924FA705B00D6E19F /* LoginViewController.swift in Sources */,
				5727A52326387CF400CE3FCD /* WallhavenMiddleware.swift in Sources */,
				71684AD125024D83005BA857 /* PostCell.swift in Sources */,
				5768C3352639BE2A00459260 /* ImgurMiddleware.swift in Sources */,
				5768C3372639C9D400459260 /* ImgurViewController.swift in Sources */,
				71C031B624FA6B5600D6E19F /* IntroductionViewController.swift in Sources */,
				71C031B224FA6B5600D6E19F /* AppDelegate.swift in Sources */,
				96AA4D68252B56CB009488F6 /* PostPresenter.swift in Sources */,
				71C646A9250254A4005C28B1 /* PostTableViewController.swift in Sources */,
				7179EF3A2501037000BDA598 /* PostSubmitter.swift in Sources */,
				969B7391250E76DA008C87C8 /* ZombieSubmitter.swift in Sources */,
				71614EF124FD195C00FA8B76 /* Database.swift in Sources */,
				71C031B424FA6B5600D6E19F /* SceneDelegate.swift in Sources */,
			);
			runOnlyForDeploymentPostprocessing = 0;
		};
/* End PBXSourcesBuildPhase section */

/* Begin PBXVariantGroup section */
		71C031B724FA6B5600D6E19F /* Main.storyboard */ = {
			isa = PBXVariantGroup;
			children = (
				71C031B824FA6B5600D6E19F /* Base */,
			);
			name = Main.storyboard;
			sourceTree = "<group>";
		};
		71C031BC24FA6B5700D6E19F /* LaunchScreen.storyboard */ = {
			isa = PBXVariantGroup;
			children = (
				71C031BD24FA6B5700D6E19F /* Base */,
			);
			name = LaunchScreen.storyboard;
			sourceTree = "<group>";
		};
/* End PBXVariantGroup section */

/* Begin XCBuildConfiguration section */
		71C031C024FA6B5700D6E19F /* Debug */ = {
			isa = XCBuildConfiguration;
			buildSettings = {
				ALWAYS_SEARCH_USER_PATHS = NO;
				CLANG_ANALYZER_NONNULL = YES;
				CLANG_ANALYZER_NUMBER_OBJECT_CONVERSION = YES_AGGRESSIVE;
				CLANG_CXX_LANGUAGE_STANDARD = "gnu++14";
				CLANG_CXX_LIBRARY = "libc++";
				CLANG_ENABLE_MODULES = YES;
				CLANG_ENABLE_OBJC_ARC = YES;
				CLANG_ENABLE_OBJC_WEAK = YES;
				CLANG_WARN_BLOCK_CAPTURE_AUTORELEASING = YES;
				CLANG_WARN_BOOL_CONVERSION = YES;
				CLANG_WARN_COMMA = YES;
				CLANG_WARN_CONSTANT_CONVERSION = YES;
				CLANG_WARN_DEPRECATED_OBJC_IMPLEMENTATIONS = YES;
				CLANG_WARN_DIRECT_OBJC_ISA_USAGE = YES_ERROR;
				CLANG_WARN_DOCUMENTATION_COMMENTS = YES;
				CLANG_WARN_EMPTY_BODY = YES;
				CLANG_WARN_ENUM_CONVERSION = YES;
				CLANG_WARN_INFINITE_RECURSION = YES;
				CLANG_WARN_INT_CONVERSION = YES;
				CLANG_WARN_NON_LITERAL_NULL_CONVERSION = YES;
				CLANG_WARN_OBJC_IMPLICIT_RETAIN_SELF = YES;
				CLANG_WARN_OBJC_LITERAL_CONVERSION = YES;
				CLANG_WARN_OBJC_ROOT_CLASS = YES_ERROR;
				CLANG_WARN_QUOTED_INCLUDE_IN_FRAMEWORK_HEADER = YES;
				CLANG_WARN_RANGE_LOOP_ANALYSIS = YES;
				CLANG_WARN_STRICT_PROTOTYPES = YES;
				CLANG_WARN_SUSPICIOUS_MOVE = YES;
				CLANG_WARN_UNGUARDED_AVAILABILITY = YES_AGGRESSIVE;
				CLANG_WARN_UNREACHABLE_CODE = YES;
				CLANG_WARN__DUPLICATE_METHOD_MATCH = YES;
				COPY_PHASE_STRIP = NO;
				DEBUG_INFORMATION_FORMAT = dwarf;
				ENABLE_STRICT_OBJC_MSGSEND = YES;
				ENABLE_TESTABILITY = YES;
				GCC_C_LANGUAGE_STANDARD = gnu11;
				GCC_DYNAMIC_NO_PIC = NO;
				GCC_NO_COMMON_BLOCKS = YES;
				GCC_OPTIMIZATION_LEVEL = 0;
				GCC_PREPROCESSOR_DEFINITIONS = (
					"DEBUG=1",
					"$(inherited)",
				);
				GCC_WARN_64_TO_32_BIT_CONVERSION = YES;
				GCC_WARN_ABOUT_RETURN_TYPE = YES_ERROR;
				GCC_WARN_UNDECLARED_SELECTOR = YES;
				GCC_WARN_UNINITIALIZED_AUTOS = YES_AGGRESSIVE;
				GCC_WARN_UNUSED_FUNCTION = YES;
				GCC_WARN_UNUSED_VARIABLE = YES;
				IPHONEOS_DEPLOYMENT_TARGET = 14.5;
				MTL_ENABLE_DEBUG_INFO = INCLUDE_SOURCE;
				MTL_FAST_MATH = YES;
				ONLY_ACTIVE_ARCH = YES;
				SDKROOT = iphoneos;
				SWIFT_ACTIVE_COMPILATION_CONDITIONS = DEBUG;
				SWIFT_OPTIMIZATION_LEVEL = "-Onone";
			};
			name = Debug;
		};
		71C031C124FA6B5700D6E19F /* Release */ = {
			isa = XCBuildConfiguration;
			buildSettings = {
				ALWAYS_SEARCH_USER_PATHS = NO;
				CLANG_ANALYZER_NONNULL = YES;
				CLANG_ANALYZER_NUMBER_OBJECT_CONVERSION = YES_AGGRESSIVE;
				CLANG_CXX_LANGUAGE_STANDARD = "gnu++14";
				CLANG_CXX_LIBRARY = "libc++";
				CLANG_ENABLE_MODULES = YES;
				CLANG_ENABLE_OBJC_ARC = YES;
				CLANG_ENABLE_OBJC_WEAK = YES;
				CLANG_WARN_BLOCK_CAPTURE_AUTORELEASING = YES;
				CLANG_WARN_BOOL_CONVERSION = YES;
				CLANG_WARN_COMMA = YES;
				CLANG_WARN_CONSTANT_CONVERSION = YES;
				CLANG_WARN_DEPRECATED_OBJC_IMPLEMENTATIONS = YES;
				CLANG_WARN_DIRECT_OBJC_ISA_USAGE = YES_ERROR;
				CLANG_WARN_DOCUMENTATION_COMMENTS = YES;
				CLANG_WARN_EMPTY_BODY = YES;
				CLANG_WARN_ENUM_CONVERSION = YES;
				CLANG_WARN_INFINITE_RECURSION = YES;
				CLANG_WARN_INT_CONVERSION = YES;
				CLANG_WARN_NON_LITERAL_NULL_CONVERSION = YES;
				CLANG_WARN_OBJC_IMPLICIT_RETAIN_SELF = YES;
				CLANG_WARN_OBJC_LITERAL_CONVERSION = YES;
				CLANG_WARN_OBJC_ROOT_CLASS = YES_ERROR;
				CLANG_WARN_QUOTED_INCLUDE_IN_FRAMEWORK_HEADER = YES;
				CLANG_WARN_RANGE_LOOP_ANALYSIS = YES;
				CLANG_WARN_STRICT_PROTOTYPES = YES;
				CLANG_WARN_SUSPICIOUS_MOVE = YES;
				CLANG_WARN_UNGUARDED_AVAILABILITY = YES_AGGRESSIVE;
				CLANG_WARN_UNREACHABLE_CODE = YES;
				CLANG_WARN__DUPLICATE_METHOD_MATCH = YES;
				COPY_PHASE_STRIP = NO;
				DEBUG_INFORMATION_FORMAT = "dwarf-with-dsym";
				ENABLE_NS_ASSERTIONS = NO;
				ENABLE_STRICT_OBJC_MSGSEND = YES;
				GCC_C_LANGUAGE_STANDARD = gnu11;
				GCC_NO_COMMON_BLOCKS = YES;
				GCC_WARN_64_TO_32_BIT_CONVERSION = YES;
				GCC_WARN_ABOUT_RETURN_TYPE = YES_ERROR;
				GCC_WARN_UNDECLARED_SELECTOR = YES;
				GCC_WARN_UNINITIALIZED_AUTOS = YES_AGGRESSIVE;
				GCC_WARN_UNUSED_FUNCTION = YES;
				GCC_WARN_UNUSED_VARIABLE = YES;
				IPHONEOS_DEPLOYMENT_TARGET = 14.5;
				MTL_ENABLE_DEBUG_INFO = NO;
				MTL_FAST_MATH = YES;
				SDKROOT = iphoneos;
				SWIFT_COMPILATION_MODE = wholemodule;
				SWIFT_OPTIMIZATION_LEVEL = "-O";
				VALIDATE_PRODUCT = YES;
			};
			name = Release;
		};
		71C031C324FA6B5700D6E19F /* Debug */ = {
			isa = XCBuildConfiguration;
			buildSettings = {
				ASSETCATALOG_COMPILER_APPICON_NAME = AppIcon;
				CODE_SIGN_STYLE = Automatic;
				DEVELOPMENT_TEAM = J7W8R96J4N;
				INFOPLIST_FILE = Phantom/Info.plist;
				IPHONEOS_DEPLOYMENT_TARGET = 14.0;
				LD_RUNPATH_SEARCH_PATHS = (
					"$(inherited)",
					"@executable_path/Frameworks",
				);
				MARKETING_VERSION = 0.0.1;
				PRODUCT_BUNDLE_IDENTIFIER = me.rivershy.Phantom;
				PRODUCT_NAME = "$(TARGET_NAME)";
				SWIFT_VERSION = 5.0;
				TARGETED_DEVICE_FAMILY = "1,2";
			};
			name = Debug;
		};
		71C031C424FA6B5700D6E19F /* Release */ = {
			isa = XCBuildConfiguration;
			buildSettings = {
				ASSETCATALOG_COMPILER_APPICON_NAME = AppIcon;
				CODE_SIGN_STYLE = Automatic;
				DEVELOPMENT_TEAM = J7W8R96J4N;
				INFOPLIST_FILE = Phantom/Info.plist;
				IPHONEOS_DEPLOYMENT_TARGET = 14.0;
				LD_RUNPATH_SEARCH_PATHS = (
					"$(inherited)",
					"@executable_path/Frameworks",
				);
				MARKETING_VERSION = 0.0.1;
				PRODUCT_BUNDLE_IDENTIFIER = me.rivershy.Phantom;
				PRODUCT_NAME = "$(TARGET_NAME)";
				SWIFT_VERSION = 5.0;
				TARGETED_DEVICE_FAMILY = "1,2";
			};
			name = Release;
		};
/* End XCBuildConfiguration section */

/* Begin XCConfigurationList section */
		71C031A924FA6B5600D6E19F /* Build configuration list for PBXProject "Phantom" */ = {
			isa = XCConfigurationList;
			buildConfigurations = (
				71C031C024FA6B5700D6E19F /* Debug */,
				71C031C124FA6B5700D6E19F /* Release */,
			);
			defaultConfigurationIsVisible = 0;
			defaultConfigurationName = Release;
		};
		71C031C224FA6B5700D6E19F /* Build configuration list for PBXNativeTarget "Phantom" */ = {
			isa = XCConfigurationList;
			buildConfigurations = (
				71C031C324FA6B5700D6E19F /* Debug */,
				71C031C424FA6B5700D6E19F /* Release */,
			);
			defaultConfigurationIsVisible = 0;
			defaultConfigurationName = Release;
		};
/* End XCConfigurationList section */
	};
	rootObject = 71C031A624FA6B5600D6E19F /* Project object */;
}
